<?xml version="1.0" encoding="utf-8"?>
<Project ToolsVersion="4.0" xmlns="http://schemas.microsoft.com/developer/msbuild/2003">
  <ItemGroup>
    <Filter Include="Source Files">
      <UniqueIdentifier>{f67a3f19-15e5-490a-b542-79eb8625fb96}</UniqueIdentifier>
      <Extensions>cpp;c;cxx;rc;def;r;odl;idl;hpj;bat</Extensions>
    </Filter>
    <Filter Include="Header Files">
      <UniqueIdentifier>{18c1f745-0d3d-46bd-993d-d56daf0b9c76}</UniqueIdentifier>
      <Extensions>h;hpp;hxx;hm;inl</Extensions>
    </Filter>
    <Filter Include="Resource Files">
      <UniqueIdentifier>{1e22835a-8eb6-4785-ba1e-86d24c187784}</UniqueIdentifier>
      <Extensions>ico;cur;bmp;dlg;rc2;rct;bin;rgs;gif;jpg;jpeg;jpe</Extensions>
    </Filter>
  </ItemGroup>
  <ItemGroup>
    <ClCompile Include="3DBladePage.cpp">
      <Filter>Source Files</Filter>
    </ClCompile>
    <ClCompile Include="3DDesignPage.cpp">
      <Filter>Source Files</Filter>
    </ClCompile>
    <ClCompile Include="3DEditTurnTablePage.cpp">
      <Filter>Source Files</Filter>
    </ClCompile>
    <ClCompile Include="3DEyePointPage.cpp">
      <Filter>Source Files</Filter>
    </ClCompile>
    <ClCompile Include="3DLightsPage.cpp">
      <Filter>Source Files</Filter>
    </ClCompile>
    <ClCompile Include="3DObject.cpp">
      <Filter>Source Files</Filter>
    </ClCompile>
    <ClCompile Include="3DPart.cpp">
      <Filter>Source Files</Filter>
    </ClCompile>
    <ClCompile Include="3DPrimitive.cpp">
      <Filter>Source Files</Filter>
    </ClCompile>
    <ClCompile Include="3DStiffenerPage.cpp">
      <Filter>Source Files</Filter>
    </ClCompile>
    <ClCompile Include="3DToolsSheet1.cpp">
      <Filter>Source Files</Filter>
    </ClCompile>
    <ClCompile Include="3DViewEditDlg.cpp">
      <Filter>Source Files</Filter>
    </ClCompile>
    <ClCompile Include="3DViewPage.cpp">
      <Filter>Source Files</Filter>
    </ClCompile>
    <ClCompile Include="AccessLevelsDlg.cpp">
      <Filter>Source Files</Filter>
    </ClCompile>
    <ClCompile Include="AcqirisDigitizer.cpp">
      <Filter>Source Files</Filter>
    </ClCompile>
    <ClCompile Include="AcqirisDlg.cpp">
      <Filter>Source Files</Filter>
    </ClCompile>
    <ClCompile Include="ActivityLogPage.cpp">
      <Filter>Source Files</Filter>
    </ClCompile>
    <ClCompile Include="ALazarDigitizer.cpp">
      <Filter>Source Files</Filter>
    </ClCompile>
    <ClCompile Include="AmplitudePalettePage.cpp">
      <Filter>Source Files</Filter>
    </ClCompile>
    <ClCompile Include="AnnotateDlg.cpp">
      <Filter>Source Files</Filter>
    </ClCompile>
    <ClCompile Include="ArchiveSheet.cpp">
      <Filter>Source Files</Filter>
    </ClCompile>
    <ClCompile Include="ArtificialSignalPage.cpp">
      <Filter>Source Files</Filter>
    </ClCompile>
    <ClCompile Include="AssignAxesDlg.cpp">
      <Filter>Source Files</Filter>
    </ClCompile>
    <ClCompile Include="AxesCompensationPage.cpp">
      <Filter>Source Files</Filter>
    </ClCompile>
    <ClCompile Include="AxesPmacStatus.cpp">
      <Filter>Source Files</Filter>
    </ClCompile>
    <ClCompile Include="AxesSheet.cpp">
      <Filter>Source Files</Filter>
    </ClCompile>
    <ClCompile Include="AxesVirtualPage.cpp">
      <Filter>Source Files</Filter>
    </ClCompile>
    <ClCompile Include="AxisDlg.cpp">
      <Filter>Source Files</Filter>
    </ClCompile>
    <ClCompile Include="AxisPmacDlg.cpp">
      <Filter>Source Files</Filter>
    </ClCompile>
    <ClCompile Include="AxisPowerPmacPage.cpp">
      <Filter>Source Files</Filter>
    </ClCompile>
    <ClCompile Include="AxisServoStatus.cpp">
      <Filter>Source Files</Filter>
    </ClCompile>
    <ClCompile Include="BallPage.cpp">
      <Filter>Source Files</Filter>
    </ClCompile>
    <ClCompile Include="BarGraphPropertiesDlg1.cpp">
      <Filter>Source Files</Filter>
    </ClCompile>
    <ClCompile Include="BisectMoveDlg.cpp">
      <Filter>Source Files</Filter>
    </ClCompile>
    <ClCompile Include="BladeCSVPage.cpp">
      <Filter>Source Files</Filter>
    </ClCompile>
    <ClCompile Include="BladeMasterPage.cpp">
      <Filter>Source Files</Filter>
    </ClCompile>
    <ClCompile Include="BladeStatisticsDlg.cpp">
      <Filter>Source Files</Filter>
    </ClCompile>
    <ClCompile Include="BladeTolerancePage.cpp">
      <Filter>Source Files</Filter>
    </ClCompile>
    <ClCompile Include="Bluetooth.cpp">
      <Filter>Source Files</Filter>
    </ClCompile>
    <ClCompile Include="BMPViewerDlg.cpp">
      <Filter>Source Files</Filter>
    </ClCompile>
    <ClCompile Include="BootUpDlg.cpp">
      <Filter>Source Files</Filter>
    </ClCompile>
    <ClCompile Include="BrainEditDlg.cpp">
      <Filter>Source Files</Filter>
    </ClCompile>
    <ClCompile Include="BrainToolsDlg.cpp">
      <Filter>Source Files</Filter>
    </ClCompile>
    <ClCompile Include="CADElement.cpp">
      <Filter>Source Files</Filter>
    </ClCompile>
    <ClCompile Include="CADLinePage.cpp">
      <Filter>Source Files</Filter>
    </ClCompile>
    <ClCompile Include="CADSheet.cpp">
      <Filter>Source Files</Filter>
    </ClCompile>
    <ClCompile Include="CADTableDlg.cpp">
      <Filter>Source Files</Filter>
    </ClCompile>
    <ClCompile Include="CardsDlg.cpp">
      <Filter>Source Files</Filter>
    </ClCompile>
    <ClCompile Include="ChildView.cpp">
      <Filter>Source Files</Filter>
    </ClCompile>
    <ClCompile Include="CircumcentreDlg.cpp">
      <Filter>Source Files</Filter>
    </ClCompile>
    <ClCompile Include="ClientSocket.cpp">
      <Filter>Source Files</Filter>
    </ClCompile>
    <ClCompile Include="ColourListCtrl.cpp">
      <Filter>Source Files</Filter>
    </ClCompile>
    <ClCompile Include="ColoursEditDlg.cpp">
      <Filter>Source Files</Filter>
    </ClCompile>
    <ClCompile Include="CompensationSheet.cpp">
      <Filter>Source Files</Filter>
    </ClCompile>
    <ClCompile Include="ContourScanDlg.cpp">
      <Filter>Source Files</Filter>
    </ClCompile>
    <ClCompile Include="Coord.cpp">
      <Filter>Source Files</Filter>
    </ClCompile>
    <ClCompile Include="CoordV3.cpp">
      <Filter>Source Files</Filter>
    </ClCompile>
    <ClCompile Include="CopyCoordsDlg.cpp">
      <Filter>Source Files</Filter>
    </ClCompile>
    <ClCompile Include="CorrelationPage.cpp">
      <Filter>Source Files</Filter>
    </ClCompile>
    <ClCompile Include="CtrlPropertiesDlg.cpp">
      <Filter>Source Files</Filter>
    </ClCompile>
    <ClCompile Include="CustomizeSheet.cpp">
      <Filter>Source Files</Filter>
    </ClCompile>
    <ClCompile Include="D3DFont.cpp">
      <Filter>Source Files</Filter>
    </ClCompile>
    <ClCompile Include="DangerPlanePage.cpp">
      <Filter>Source Files</Filter>
    </ClCompile>
    <ClCompile Include="Data.cpp">
      <Filter>Source Files</Filter>
    </ClCompile>
    <ClCompile Include="DataBaseDlg.cpp">
      <Filter>Source Files</Filter>
    </ClCompile>
    <ClCompile Include="DataExportRulesDlg.cpp">
      <Filter>Source Files</Filter>
    </ClCompile>
    <ClCompile Include="DataProperties.cpp">
      <Filter>Source Files</Filter>
    </ClCompile>
    <ClCompile Include="DataPropertiesDlg.cpp">
      <Filter>Source Files</Filter>
    </ClCompile>
    <ClCompile Include="DataTranslationHW.cpp">
      <Filter>Source Files</Filter>
    </ClCompile>
    <ClCompile Include="DataValuePropertiesDlg.cpp">
      <Filter>Source Files</Filter>
    </ClCompile>
    <ClCompile Include="DatePropertiesDlg.cpp">
      <Filter>Source Files</Filter>
    </ClCompile>
    <ClCompile Include="DecimateDlg.cpp">
      <Filter>Source Files</Filter>
    </ClCompile>
    <ClCompile Include="DetailsEditDlg.cpp">
      <Filter>Source Files</Filter>
    </ClCompile>
    <ClCompile Include="DetailsPage.cpp">
      <Filter>Source Files</Filter>
    </ClCompile>
    <ClCompile Include="DeviceResoucesDlg.cpp">
      <Filter>Source Files</Filter>
    </ClCompile>
    <ClCompile Include="DialogBarPumps.cpp">
      <Filter>Source Files</Filter>
    </ClCompile>
    <ClCompile Include="DirectoriesDlg.cpp">
      <Filter>Source Files</Filter>
    </ClCompile>
    <ClCompile Include="DoubleScrollBar.cpp">
      <Filter>Source Files</Filter>
    </ClCompile>
    <ClCompile Include="DrawingToollsDlg.cpp">
      <Filter>Source Files</Filter>
    </ClCompile>
    <ClCompile Include="EdgeArray.cpp">
      <Filter>Source Files</Filter>
    </ClCompile>
    <ClCompile Include="EdgeEqualizerPage.cpp">
      <Filter>Source Files</Filter>
    </ClCompile>
    <ClCompile Include="EditBladeDlg.cpp">
      <Filter>Source Files</Filter>
    </ClCompile>
    <ClCompile Include="EditColour.cpp">
      <Filter>Source Files</Filter>
    </ClCompile>
    <ClCompile Include="EditCoordDlg.cpp">
      <Filter>Source Files</Filter>
    </ClCompile>
    <ClCompile Include="EditDetailsDlg.cpp">
      <Filter>Source Files</Filter>
    </ClCompile>
    <ClCompile Include="EditSpinItem.cpp">
      <Filter>Source Files</Filter>
    </ClCompile>
    <ClCompile Include="EndEffector.cpp">
      <Filter>Source Files</Filter>
    </ClCompile>
    <ClCompile Include="EnvelopeEditDlg.cpp">
      <Filter>Source Files</Filter>
    </ClCompile>
    <ClCompile Include="EnvelopePage.cpp">
      <Filter>Source Files</Filter>
    </ClCompile>
    <ClCompile Include="EnvelopeRectangularDlg.cpp">
      <Filter>Source Files</Filter>
    </ClCompile>
    <ClCompile Include="EnvelopeToolsDlg.cpp">
      <Filter>Source Files</Filter>
    </ClCompile>
    <ClCompile Include="Ethercat.cpp">
      <Filter>Source Files</Filter>
    </ClCompile>
    <ClCompile Include="EthercatPage.cpp">
      <Filter>Source Files</Filter>
    </ClCompile>
    <ClCompile Include="Ethernet.cpp">
      <Filter>Source Files</Filter>
    </ClCompile>
    <ClCompile Include="EthernetPage.cpp">
      <Filter>Source Files</Filter>
    </ClCompile>
    <ClCompile Include="EvaluationDlg.cpp">
      <Filter>Source Files</Filter>
    </ClCompile>
    <ClCompile Include="ExclusionZonesDlg.cpp">
      <Filter>Source Files</Filter>
    </ClCompile>
    <ClCompile Include="ExtSourcePage.cpp">
      <Filter>Source Files</Filter>
    </ClCompile>
    <ClCompile Include="ExtTrigScan.cpp">
      <Filter>Source Files</Filter>
    </ClCompile>
    <ClCompile Include="FaroCoordinateDlg.cpp">
      <Filter>Source Files</Filter>
    </ClCompile>
    <ClCompile Include="FaroElementExpansionDlg.cpp">
      <Filter>Source Files</Filter>
    </ClCompile>
    <ClCompile Include="FaroTrackerPage.cpp">
      <Filter>Source Files</Filter>
    </ClCompile>
    <ClCompile Include="FeatureEditDlg.cpp">
      <Filter>Source Files</Filter>
    </ClCompile>
    <ClCompile Include="FFT.cpp">
      <Filter>Source Files</Filter>
    </ClCompile>
    <ClCompile Include="FieldBusController.cpp">
      <Filter>Source Files</Filter>
    </ClCompile>
    <ClCompile Include="FileThumbNailDlg.cpp">
      <Filter>Source Files</Filter>
    </ClCompile>
    <ClCompile Include="FillLeadscrewTableDlg.cpp">
      <Filter>Source Files</Filter>
    </ClCompile>
    <ClCompile Include="FilterSheet.cpp">
      <Filter>Source Files</Filter>
    </ClCompile>
    <ClCompile Include="FIR.cpp">
      <Filter>Source Files</Filter>
    </ClCompile>
    <ClCompile Include="FIRDlg.cpp">
      <Filter>Source Files</Filter>
    </ClCompile>
    <ClCompile Include="FLatPackToolsDlg.cpp">
      <Filter>Source Files</Filter>
    </ClCompile>
    <ClCompile Include="FlatScanPage.cpp">
      <Filter>Source Files</Filter>
    </ClCompile>
    <ClCompile Include="FlattenDlg.cpp">
      <Filter>Source Files</Filter>
    </ClCompile>
    <ClCompile Include="FokkerPumpPage.cpp">
      <Filter>Source Files</Filter>
    </ClCompile>
    <ClCompile Include="FokkerScanDetailsPage.cpp">
      <Filter>Source Files</Filter>
    </ClCompile>
    <ClCompile Include="GatesPage.cpp">
      <Filter>Source Files</Filter>
    </ClCompile>
    <ClCompile Include="GlobalUtPage.cpp">
      <Filter>Source Files</Filter>
    </ClCompile>
    <ClCompile Include="GraticulePage.cpp">
      <Filter>Source Files</Filter>
    </ClCompile>
    <ClCompile Include="HeaderCtrlCheck.cpp">
      <Filter>Source Files</Filter>
    </ClCompile>
    <ClCompile Include="Help.cpp">
      <Filter>Source Files</Filter>
    </ClCompile>
    <ClCompile Include="HilscherPage.cpp">
      <Filter>Source Files</Filter>
    </ClCompile>
    <ClCompile Include="HistogramDlg.cpp">
      <Filter>Source Files</Filter>
    </ClCompile>
    <ClCompile Include="HistogramOptionsPage.cpp">
      <Filter>Source Files</Filter>
    </ClCompile>
    <ClCompile Include="HoldingFixtureEditDlg.cpp">
      <Filter>Source Files</Filter>
    </ClCompile>
    <ClCompile Include="HoldingPage.cpp">
      <Filter>Source Files</Filter>
    </ClCompile>
    <ClCompile Include="HolesEditDlg.cpp">
      <Filter>Source Files</Filter>
    </ClCompile>
    <ClCompile Include="HRTimer.cpp">
      <Filter>Source Files</Filter>
    </ClCompile>
    <ClCompile Include="IGES.cpp">
      <Filter>Source Files</Filter>
    </ClCompile>
    <ClCompile Include="IGESDlg.cpp">
      <Filter>Source Files</Filter>
    </ClCompile>
    <ClCompile Include="IJKPage.cpp">
      <Filter>Source Files</Filter>
    </ClCompile>
    <ClCompile Include="ImageFilterPage.cpp">
      <Filter>Source Files</Filter>
    </ClCompile>
    <ClCompile Include="ImageProcessorPage.cpp">
      <Filter>Source Files</Filter>
    </ClCompile>
    <ClCompile Include="ImagePropertiesDlg.cpp">
      <Filter>Source Files</Filter>
    </ClCompile>
    <ClCompile Include="ImportCrossSectionOverlayDlg.cpp">
      <Filter>Source Files</Filter>
    </ClCompile>
    <ClCompile Include="ImportRulesDlg.cpp">
      <Filter>Source Files</Filter>
    </ClCompile>
    <ClCompile Include="ImportToolPathsDlg.cpp">
      <Filter>Source Files</Filter>
    </ClCompile>
    <ClCompile Include="InclusionRulesPage.cpp">
      <Filter>Source Files</Filter>
    </ClCompile>
    <ClCompile Include="Inclusions.cpp">
      <Filter>Source Files</Filter>
    </ClCompile>
    <ClCompile Include="InclusionsDetailsPage.cpp">
      <Filter>Source Files</Filter>
    </ClCompile>
    <ClCompile Include="InclusionsResultsPage.cpp">
      <Filter>Source Files</Filter>
    </ClCompile>
    <ClCompile Include="InclusionsSheet.cpp">
      <Filter>Source Files</Filter>
    </ClCompile>
    <ClCompile Include="IsometricPage.cpp">
      <Filter>Source Files</Filter>
    </ClCompile>
    <ClCompile Include="JogPage.cpp">
      <Filter>Source Files</Filter>
    </ClCompile>
    <ClCompile Include="KinematicDlg.cpp">
      <Filter>Source Files</Filter>
    </ClCompile>
    <ClCompile Include="Kinematics.cpp">
      <Filter>Source Files</Filter>
    </ClCompile>
    <ClCompile Include="LaserToolsPage.cpp">
      <Filter>Source Files</Filter>
    </ClCompile>
    <ClCompile Include="LeadScrew.cpp">
      <Filter>Source Files</Filter>
    </ClCompile>
    <ClCompile Include="LeadScrewCompensationPage.cpp">
      <Filter>Source Files</Filter>
    </ClCompile>
    <ClCompile Include="LeAlignPage.cpp">
      <Filter>Source Files</Filter>
    </ClCompile>
    <ClCompile Include="LiftPage.cpp">
      <Filter>Source Files</Filter>
    </ClCompile>
    <ClCompile Include="LinePropertiesDlg.cpp">
      <Filter>Source Files</Filter>
    </ClCompile>
    <ClCompile Include="ListCtrlCheck.cpp">
      <Filter>Source Files</Filter>
    </ClCompile>
    <ClCompile Include="ListPropertiesDlg.cpp">
      <Filter>Source Files</Filter>
    </ClCompile>
    <ClCompile Include="LogonDlg.cpp">
      <Filter>Source Files</Filter>
    </ClCompile>
    <ClCompile Include="LSA.cpp">
      <Filter>Source Files</Filter>
    </ClCompile>
    <ClCompile Include="LSABScanDlg.cpp">
      <Filter>Source Files</Filter>
    </ClCompile>
    <ClCompile Include="LSAPage.cpp">
      <Filter>Source Files</Filter>
    </ClCompile>
    <ClCompile Include="MachineDescriptionDlg.cpp">
      <Filter>Source Files</Filter>
    </ClCompile>
    <ClCompile Include="MachineMonitorPage.cpp">
      <Filter>Source Files</Filter>
    </ClCompile>
    <ClCompile Include="MainFrm.cpp">
      <Filter>Source Files</Filter>
    </ClCompile>
    <ClCompile Include="MaintenanceDiagnosticsSheet.cpp">
      <Filter>Source Files</Filter>
    </ClCompile>
    <ClCompile Include="MaintenancePage.cpp">
      <Filter>Source Files</Filter>
    </ClCompile>
    <ClCompile Include="MainThread.cpp">
      <Filter>Source Files</Filter>
    </ClCompile>
    <ClCompile Include="ManipulatorSelectPage.cpp">
      <Filter>Source Files</Filter>
    </ClCompile>
    <ClCompile Include="MarkerPenPage.cpp">
      <Filter>Source Files</Filter>
    </ClCompile>
    <ClCompile Include="MosaicDlg.cpp">
      <Filter>Source Files</Filter>
    </ClCompile>
    <ClCompile Include="MotionToolsSheet.cpp">
      <Filter>Source Files</Filter>
    </ClCompile>
    <ClCompile Include="Motors.cpp">
      <Filter>Source Files</Filter>
    </ClCompile>
    <ClCompile Include="MoveLadderPage.cpp">
      <Filter>Source Files</Filter>
    </ClCompile>
    <ClCompile Include="MoveToPage.cpp">
      <Filter>Source Files</Filter>
    </ClCompile>
    <ClCompile Include="MultipleBScansDlg.cpp">
      <Filter>Source Files</Filter>
    </ClCompile>
    <ClCompile Include="MultipleScansPage.cpp">
      <Filter>Source Files</Filter>
    </ClCompile>
    <ClCompile Include="NonCadVariablesDlg.cpp">
      <Filter>Source Files</Filter>
    </ClCompile>
    <ClCompile Include="NormalizePage.cpp">
      <Filter>Source Files</Filter>
    </ClCompile>
    <ClCompile Include="NormalsEditDlg.cpp">
      <Filter>Source Files</Filter>
    </ClCompile>
    <ClCompile Include="NURBS.cpp">
      <Filter>Source Files</Filter>
    </ClCompile>
    <ClCompile Include="OperatorContourScanPage.cpp">
      <Filter>Source Files</Filter>
    </ClCompile>
    <ClCompile Include="OptionsDlg.cpp">
      <Filter>Source Files</Filter>
    </ClCompile>
    <ClCompile Include="OriginForeplanePage.cpp">
      <Filter>Source Files</Filter>
    </ClCompile>
    <ClCompile Include="OriginPage.cpp">
      <Filter>Source Files</Filter>
    </ClCompile>
    <ClCompile Include="OverlayPage.cpp">
      <Filter>Source Files</Filter>
    </ClCompile>
    <ClCompile Include="PAEdgeEqualizerPage.cpp">
      <Filter>Source Files</Filter>
    </ClCompile>
    <ClCompile Include="PaletteSheet.cpp">
      <Filter>Source Files</Filter>
    </ClCompile>
    <ClCompile Include="ParksMcClellanPage.cpp">
      <Filter>Source Files</Filter>
    </ClCompile>
    <ClCompile Include="PermissionDlg.cpp">
      <Filter>Source Files</Filter>
    </ClCompile>
    <ClCompile Include="PhasedArrayProbe.cpp">
      <Filter>Source Files</Filter>
    </ClCompile>
    <ClCompile Include="PhasedArrayProbeDlg.cpp">
      <Filter>Source Files</Filter>
    </ClCompile>
    <ClCompile Include="PhasePage.cpp">
      <Filter>Source Files</Filter>
    </ClCompile>
    <ClCompile Include="Pmac.cpp">
      <Filter>Source Files</Filter>
    </ClCompile>
    <ClCompile Include="PmacArchivePage.cpp">
      <Filter>Source Files</Filter>
    </ClCompile>
    <ClCompile Include="PmacDeviceEvents.cpp">
      <Filter>Source Files</Filter>
    </ClCompile>
    <ClCompile Include="PmacDownLoadPage.cpp">
      <Filter>Source Files</Filter>
    </ClCompile>
    <ClCompile Include="PmacDPRAMTestPage.cpp">
      <Filter>Source Files</Filter>
    </ClCompile>
    <ClCompile Include="PmacFaultFindingPage.cpp">
      <Filter>Source Files</Filter>
    </ClCompile>
    <ClCompile Include="PmacFaultsPage.cpp">
      <Filter>Source Files</Filter>
    </ClCompile>
    <ClCompile Include="PmacGeneralPage.cpp">
      <Filter>Source Files</Filter>
    </ClCompile>
    <ClCompile Include="PmacMacroPage.cpp">
      <Filter>Source Files</Filter>
    </ClCompile>
    <ClCompile Include="PmacNCEvents.cpp">
      <Filter>Source Files</Filter>
    </ClCompile>
    <ClCompile Include="PmacPcomm32.cpp">
      <Filter>Source Files</Filter>
    </ClCompile>
    <ClCompile Include="PmacPcommServer.cpp">
      <Filter>Source Files</Filter>
    </ClCompile>
    <ClCompile Include="PmacSheet.cpp">
      <Filter>Source Files</Filter>
    </ClCompile>
    <ClCompile Include="PmacTrajectoryPage.cpp">
      <Filter>Source Files</Filter>
    </ClCompile>
    <ClCompile Include="PmacTuningPage.cpp">
      <Filter>Source Files</Filter>
    </ClCompile>
    <ClCompile Include="PmacUSL.cpp">
      <Filter>Source Files</Filter>
    </ClCompile>
    <ClCompile Include="PmacVariablesPage.cpp">
      <Filter>Source Files</Filter>
    </ClCompile>
    <ClCompile Include="PolyCoord.cpp">
      <Filter>Source Files</Filter>
    </ClCompile>
    <ClCompile Include="PolyCoordDlg1.cpp">
      <Filter>Source Files</Filter>
    </ClCompile>
    <ClCompile Include="PolyMeshCoord.cpp">
      <Filter>Source Files</Filter>
    </ClCompile>
    <ClCompile Include="PorosityPage.cpp">
      <Filter>Source Files</Filter>
    </ClCompile>
    <ClCompile Include="PositionGraphicalPage1.cpp">
      <Filter>Source Files</Filter>
    </ClCompile>
    <ClCompile Include="PositionHoldingFokkerPage.cpp">
      <Filter>Source Files</Filter>
    </ClCompile>
    <ClCompile Include="PositionPage.cpp">
      <Filter>Source Files</Filter>
    </ClCompile>
    <ClCompile Include="PositionSheet.cpp">
      <Filter>Source Files</Filter>
    </ClCompile>
    <ClCompile Include="PositionSingleBridgePage.cpp">
      <Filter>Source Files</Filter>
    </ClCompile>
    <ClCompile Include="PositionSwivGimRotPage.cpp">
      <Filter>Source Files</Filter>
    </ClCompile>
    <ClCompile Include="PowerPmacStatusPage.cpp">
      <Filter>Source Files</Filter>
    </ClCompile>
    <ClCompile Include="Pr20Dlg.cpp">
      <Filter>Source Files</Filter>
    </ClCompile>
    <ClCompile Include="PrintConesCylindersDlg.cpp">
      <Filter>Source Files</Filter>
    </ClCompile>
    <ClCompile Include="PrinterDiagnosticsPage.cpp">
      <Filter>Source Files</Filter>
    </ClCompile>
    <ClCompile Include="PrinterUtils.cpp">
      <Filter>Source Files</Filter>
    </ClCompile>
    <ClCompile Include="PrintOptionsDlg.cpp">
      <Filter>Source Files</Filter>
    </ClCompile>
    <ClCompile Include="Probe.cpp">
      <Filter>Source Files</Filter>
    </ClCompile>
    <ClCompile Include="ProbeAxialPlotPage.cpp">
      <Filter>Source Files</Filter>
    </ClCompile>
    <ClCompile Include="ProbeBeamProfilePage.cpp">
      <Filter>Source Files</Filter>
    </ClCompile>
    <ClCompile Include="ProbeBeamSectionsPage.cpp">
      <Filter>Source Files</Filter>
    </ClCompile>
    <ClCompile Include="ProbeCharacterisationSheet.cpp">
      <Filter>Source Files</Filter>
    </ClCompile>
    <ClCompile Include="ProbeDataSheetPage.cpp">
      <Filter>Source Files</Filter>
    </ClCompile>
    <ClCompile Include="ProbeSpecificationPage.cpp">
      <Filter>Source Files</Filter>
    </ClCompile>
    <ClCompile Include="ProbeToolsSheet.cpp">
      <Filter>Source Files</Filter>
    </ClCompile>
    <ClCompile Include="Profile.cpp">
      <Filter>Source Files</Filter>
    </ClCompile>
    <ClCompile Include="ProfileSheet.cpp">
      <Filter>Source Files</Filter>
    </ClCompile>
    <ClCompile Include="ProgressDlg.cpp">
      <Filter>Source Files</Filter>
    </ClCompile>
    <ClCompile Include="PromptDlg.cpp">
      <Filter>Source Files</Filter>
    </ClCompile>
    <ClCompile Include="ProtractorPage.cpp">
      <Filter>Source Files</Filter>
    </ClCompile>
    <ClCompile Include="PumpPage.cpp">
      <Filter>Source Files</Filter>
    </ClCompile>
    <ClCompile Include="QuaternionPage.cpp">
      <Filter>Source Files</Filter>
    </ClCompile>
    <ClCompile Include="RectanglePropertiesDlg.cpp">
      <Filter>Source Files</Filter>
    </ClCompile>
    <ClCompile Include="RectFloat.cpp">
      <Filter>Source Files</Filter>
    </ClCompile>
    <ClCompile Include="RectilinearScanPage.cpp">
      <Filter>Source Files</Filter>
    </ClCompile>
    <ClCompile Include="RegisterActiveX.cpp">
      <Filter>Source Files</Filter>
    </ClCompile>
    <ClCompile Include="Registry.cpp">
      <Filter>Source Files</Filter>
    </ClCompile>
    <ClCompile Include="RemoteInterface.cpp">
      <Filter>Source Files</Filter>
    </ClCompile>
    <ClCompile Include="RemoteInterfacePage.cpp">
      <Filter>Source Files</Filter>
    </ClCompile>
    <ClCompile Include="ReportHeaderFooterDlg.cpp">
      <Filter>Source Files</Filter>
    </ClCompile>
    <ClCompile Include="ReportPrintDlg1.cpp">
      <Filter>Source Files</Filter>
    </ClCompile>
    <ClCompile Include="ReportTablePropertiesDlg.cpp">
      <Filter>Source Files</Filter>
    </ClCompile>
    <ClCompile Include="ReportUltrasonicsPropertiesDlg.cpp">
      <Filter>Source Files</Filter>
    </ClCompile>
    <ClCompile Include="ResizableDialog.cpp">
      <Filter>Source Files</Filter>
    </ClCompile>
    <ClCompile Include="ResizableFormView.cpp">
      <Filter>Source Files</Filter>
    </ClCompile>
    <ClCompile Include="ResizableGrip.cpp">
      <Filter>Source Files</Filter>
    </ClCompile>
    <ClCompile Include="ResizableLayout.cpp">
      <Filter>Source Files</Filter>
    </ClCompile>
    <ClCompile Include="ResizableMinMax.cpp">
      <Filter>Source Files</Filter>
    </ClCompile>
    <ClCompile Include="ResizablePage.cpp">
      <Filter>Source Files</Filter>
    </ClCompile>
    <ClCompile Include="ResizablePageEx.cpp">
      <Filter>Source Files</Filter>
    </ClCompile>
    <ClCompile Include="ResizableSheet.cpp">
      <Filter>Source Files</Filter>
    </ClCompile>
    <ClCompile Include="ResizableSheetEx.cpp">
      <Filter>Source Files</Filter>
    </ClCompile>
    <ClCompile Include="ResizableState.cpp">
      <Filter>Source Files</Filter>
    </ClCompile>
    <ClCompile Include="Robot.cpp">
      <Filter>Source Files</Filter>
    </ClCompile>
    <ClCompile Include="RobotArmPositionsPage.cpp">
      <Filter>Source Files</Filter>
    </ClCompile>
    <ClCompile Include="RobotCommsPage.cpp">
      <Filter>Source Files</Filter>
    </ClCompile>
    <ClCompile Include="RobotDualPosPage.cpp">
      <Filter>Source Files</Filter>
    </ClCompile>
    <ClCompile Include="RobotEndEffectorPage.cpp">
      <Filter>Source Files</Filter>
    </ClCompile>
    <ClCompile Include="RobotHandShakingPage.cpp">
      <Filter>Source Files</Filter>
    </ClCompile>
    <ClCompile Include="RobotJointsPage.cpp">
      <Filter>Source Files</Filter>
    </ClCompile>
    <ClCompile Include="RobotPage.cpp">
      <Filter>Source Files</Filter>
    </ClCompile>
    <ClCompile Include="RobotSheet.cpp">
      <Filter>Source Files</Filter>
    </ClCompile>
    <ClCompile Include="RobotUserPage.cpp">
      <Filter>Source Files</Filter>
    </ClCompile>
    <ClCompile Include="RollerProbePage.cpp">
      <Filter>Source Files</Filter>
    </ClCompile>
    <ClCompile Include="RollerScanPage.cpp">
      <Filter>Source Files</Filter>
    </ClCompile>
    <ClCompile Include="RotateSwivelGimbalPage.cpp">
      <Filter>Source Files</Filter>
    </ClCompile>
    <ClCompile Include="RotateThetaLiftPage.cpp">
      <Filter>Source Files</Filter>
    </ClCompile>
    <ClCompile Include="RRBladeScanPage.cpp">
      <Filter>Source Files</Filter>
    </ClCompile>
    <ClCompile Include="RRImportCSVThicknessOverlay.cpp">
      <Filter>Source Files</Filter>
    </ClCompile>
    <ClCompile Include="RRMES.cpp">
      <Filter>Source Files</Filter>
    </ClCompile>
    <ClCompile Include="RRMESPage.cpp">
      <Filter>Source Files</Filter>
    </ClCompile>
    <ClCompile Include="RRWIPPage.cpp">
      <Filter>Source Files</Filter>
    </ClCompile>
    <ClCompile Include="RThetaPage.cpp">
      <Filter>Source Files</Filter>
    </ClCompile>
    <ClCompile Include="RulerPage.cpp">
      <Filter>Source Files</Filter>
    </ClCompile>
    <ClCompile Include="Runtime.cpp">
      <Filter>Source Files</Filter>
    </ClCompile>
    <ClCompile Include="SafetyInterlocksDlg.cpp">
      <Filter>Source Files</Filter>
    </ClCompile>
    <ClCompile Include="SafetySerial.cpp">
      <Filter>Source Files</Filter>
    </ClCompile>
    <ClCompile Include="ScanLinesEditDlg.cpp">
      <Filter>Source Files</Filter>
    </ClCompile>
    <ClCompile Include="ScanLinesPage.cpp">
      <Filter>Source Files</Filter>
    </ClCompile>
    <ClCompile Include="ScanSheet.cpp">
      <Filter>Source Files</Filter>
    </ClCompile>
    <ClCompile Include="Scope.cpp">
      <Filter>Source Files</Filter>
    </ClCompile>
    <ClCompile Include="ScopeDlg.cpp">
      <Filter>Source Files</Filter>
    </ClCompile>
    <ClCompile Include="ScopeOptionsPage.cpp">
      <Filter>Source Files</Filter>
    </ClCompile>
    <ClCompile Include="SelfTestDlg.cpp">
      <Filter>Source Files</Filter>
    </ClCompile>
    <ClCompile Include="SentenceDlg.cpp">
      <Filter>Source Files</Filter>
    </ClCompile>
    <ClCompile Include="Serial.cpp">
      <Filter>Source Files</Filter>
    </ClCompile>
    <ClCompile Include="SerialJoystickDlg.cpp">
      <Filter>Source Files</Filter>
    </ClCompile>
    <ClCompile Include="Servo.cpp">
      <Filter>Source Files</Filter>
    </ClCompile>
    <ClCompile Include="ServoDrivesPage.cpp">
      <Filter>Source Files</Filter>
    </ClCompile>
    <ClCompile Include="Si10.cpp">
      <Filter>Source Files</Filter>
    </ClCompile>
    <ClCompile Include="SI10Page.cpp">
      <Filter>Source Files</Filter>
    </ClCompile>
    <ClCompile Include="Si6.cpp">
      <Filter>Source Files</Filter>
    </ClCompile>
    <ClCompile Include="Si6StatusPage.cpp">
      <Filter>Source Files</Filter>
    </ClCompile>
    <ClCompile Include="SineWaveDlg.cpp">
      <Filter>Source Files</Filter>
    </ClCompile>
    <ClCompile Include="SpectrumAnalyzerDlg.cpp">
      <Filter>Source Files</Filter>
    </ClCompile>
    <ClCompile Include="SpectrumDigitizer.cpp">
      <Filter>Source Files</Filter>
    </ClCompile>
    <ClCompile Include="SquirtersPage.cpp">
      <Filter>Source Files</Filter>
    </ClCompile>
    <ClCompile Include="StaticPosManage.cpp">
      <Filter>Source Files</Filter>
    </ClCompile>
    <ClCompile Include="StaticScroll.cpp">
      <Filter>Source Files</Filter>
    </ClCompile>
    <ClCompile Include="StdAfx.cpp">
      <Filter>Source Files</Filter>
    </ClCompile>
    <ClCompile Include="StepperSheet.cpp">
      <Filter>Source Files</Filter>
    </ClCompile>
    <ClCompile Include="TaughtLinesEditDlg.cpp">
      <Filter>Source Files</Filter>
    </ClCompile>
    <ClCompile Include="TaughtToolsDlg.cpp">
      <Filter>Source Files</Filter>
    </ClCompile>
    <ClCompile Include="TessellationPage.cpp">
      <Filter>Source Files</Filter>
    </ClCompile>
    <ClCompile Include="TextPropertiesDlg.cpp">
      <Filter>Source Files</Filter>
    </ClCompile>
    <ClCompile Include="ThicknessCalibrationpage.cpp">
      <Filter>Source Files</Filter>
    </ClCompile>
    <ClCompile Include="ThicknessPalettePage.cpp">
      <Filter>Source Files</Filter>
    </ClCompile>
    <ClCompile Include="ThirdPartyImageDlg.cpp">
      <Filter>Source Files</Filter>
    </ClCompile>
    <ClCompile Include="TimeSlotPr30.cpp">
      <Filter>Source Files</Filter>
    </ClCompile>
    <ClCompile Include="Token.cpp">
      <Filter>Source Files</Filter>
    </ClCompile>
    <ClCompile Include="ToolChangerPage.cpp">
      <Filter>Source Files</Filter>
    </ClCompile>
    <ClCompile Include="ToolChangers.cpp">
      <Filter>Source Files</Filter>
    </ClCompile>
    <ClCompile Include="ToolPathDlg1.cpp">
      <Filter>Source Files</Filter>
    </ClCompile>
    <ClCompile Include="ToolPathPage.cpp">
      <Filter>Source Files</Filter>
    </ClCompile>
    <ClCompile Include="TranslatDlg.cpp">
      <Filter>Source Files</Filter>
    </ClCompile>
    <ClCompile Include="TranslationDlg.cpp">
      <Filter>Source Files</Filter>
    </ClCompile>
    <ClCompile Include="TransPlyPage.cpp">
      <Filter>Source Files</Filter>
    </ClCompile>
    <ClCompile Include="TubeScanPage1.cpp">
      <Filter>Source Files</Filter>
    </ClCompile>
    <ClCompile Include="TurntablePage.cpp">
      <Filter>Source Files</Filter>
    </ClCompile>
    <ClCompile Include="TurnTableScanPage.cpp">
      <Filter>Source Files</Filter>
    </ClCompile>
    <ClCompile Include="UltrasonicsSheet.cpp">
      <Filter>Source Files</Filter>
    </ClCompile>
    <ClCompile Include="USBKey.cpp">
      <Filter>Source Files</Filter>
    </ClCompile>
    <ClCompile Include="USBtoI2C.cpp">
      <Filter>Source Files</Filter>
    </ClCompile>
    <ClCompile Include="Users.cpp">
      <Filter>Source Files</Filter>
    </ClCompile>
    <ClCompile Include="UsersDlg.cpp">
      <Filter>Source Files</Filter>
    </ClCompile>
    <ClCompile Include="uslbar.cpp">
      <Filter>Source Files</Filter>
    </ClCompile>
    <ClCompile Include="USLFile.cpp">
      <Filter>Source Files</Filter>
    </ClCompile>
    <ClCompile Include="USLPalette.cpp">
      <Filter>Source Files</Filter>
    </ClCompile>
    <ClCompile Include="USLPrint.cpp">
      <Filter>Source Files</Filter>
    </ClCompile>
    <ClCompile Include="USLScanner.cpp">
      <Filter>Source Files</Filter>
    </ClCompile>
    <ClCompile Include="USLScans.cpp">
      <Filter>Source Files</Filter>
    </ClCompile>
    <ClCompile Include="USLut.cpp">
      <Filter>Source Files</Filter>
    </ClCompile>
    <ClCompile Include="UtTrafficLightPage.cpp">
      <Filter>Source Files</Filter>
    </ClCompile>
    <ClCompile Include="Vertex.cpp">
      <Filter>Source Files</Filter>
    </ClCompile>
    <ClCompile Include="VertexArray.cpp">
      <Filter>Source Files</Filter>
    </ClCompile>
    <ClCompile Include="VerticalBoreScannerPage.cpp">
      <Filter>Source Files</Filter>
    </ClCompile>
    <ClCompile Include="ViewBladeThickneessDlg.cpp">
      <Filter>Source Files</Filter>
    </ClCompile>
    <ClCompile Include="ViewCommentsDlg.cpp">
      <Filter>Source Files</Filter>
    </ClCompile>
    <ClCompile Include="ViewOptionsSheet.cpp">
      <Filter>Source Files</Filter>
    </ClCompile>
    <ClCompile Include="ViewPage.cpp">
      <Filter>Source Files</Filter>
    </ClCompile>
    <ClCompile Include="ViewSheet.cpp">
      <Filter>Source Files</Filter>
    </ClCompile>
    <ClCompile Include="ViewStatsDlg.cpp">
      <Filter>Source Files</Filter>
    </ClCompile>
    <ClCompile Include="ViewThicknessCrossSectionDlg.cpp">
      <Filter>Source Files</Filter>
    </ClCompile>
    <ClCompile Include="ViewUltrasonicsDlg.cpp">
      <Filter>Source Files</Filter>
    </ClCompile>
    <ClCompile Include="ViewValuePage.cpp">
      <Filter>Source Files</Filter>
    </ClCompile>
    <ClCompile Include="VolumeAscanPage.cpp">
      <Filter>Source Files</Filter>
    </ClCompile>
    <ClCompile Include="VolumeData.cpp">
      <Filter>Source Files</Filter>
    </ClCompile>
    <ClCompile Include="VolumeLibraryPage.cpp">
      <Filter>Source Files</Filter>
    </ClCompile>
    <ClCompile Include="VolumeOptionsSheet.cpp">
      <Filter>Source Files</Filter>
    </ClCompile>
    <ClCompile Include="VolumeViewDlg.cpp">
      <Filter>Source Files</Filter>
    </ClCompile>
    <ClCompile Include="WayLinesEditDlg.cpp">
      <Filter>Source Files</Filter>
    </ClCompile>
    <ClCompile Include="WayPointsDlg.cpp">
      <Filter>Source Files</Filter>
    </ClCompile>
    <ClCompile Include="WindowedSincPage.cpp">
      <Filter>Source Files</Filter>
    </ClCompile>
    <ClCompile Include="WorkerThread.cpp">
      <Filter>Source Files</Filter>
    </ClCompile>
    <ClCompile Include="WorkSpace.cpp">
      <Filter>Source Files</Filter>
    </ClCompile>
    <ClCompile Include="WorkSpaceDlg.cpp">
      <Filter>Source Files</Filter>
    </ClCompile>
    <ClCompile Include="WorkSpaceSheet.cpp">
      <Filter>Source Files</Filter>
    </ClCompile>
    <ClCompile Include="XMLRulesDlg.cpp">
      <Filter>Source Files</Filter>
    </ClCompile>
    <ClCompile Include="ZoomPage.cpp">
      <Filter>Source Files</Filter>
    </ClCompile>
    <ClCompile Include="CMFCToolBarSpinButton.cpp">
      <Filter>Source Files</Filter>
    </ClCompile>
    <ClCompile Include="ToolBarLabel.cpp">
      <Filter>Source Files</Filter>
    </ClCompile>
    <ClCompile Include="MFCNormalizeDlg.cpp">
      <Filter>Source Files</Filter>
    </ClCompile>
    <ClCompile Include="AOSPhasedArrayPage.cpp">
      <Filter>Source Files</Filter>
    </ClCompile>
    <ClCompile Include="AOSPhasedArray.cpp">
      <Filter>Source Files</Filter>
    </ClCompile>
    <ClCompile Include="FocalLaw.cpp">
      <Filter>Source Files</Filter>
    </ClCompile>
    <ClCompile Include="CPhasedArraySheet.cpp">
      <Filter>Source Files</Filter>
    </ClCompile>
    <ClCompile Include="AOSPhasedArrayUTPage.cpp">
      <Filter>Source Files</Filter>
    </ClCompile>
    <ClCompile Include="EditSpinCtrl.cpp">
      <Filter>Source Files</Filter>
    </ClCompile>
    <ClCompile Include="USLThread.cpp">
      <Filter>Source Files</Filter>
    </ClCompile>
    <ClCompile Include="CV120Trio.cpp">
      <Filter>Source Files</Filter>
    </ClCompile>
    <ClCompile Include="ConcurrentQueue.cpp">
      <Filter>Source Files</Filter>
    </ClCompile>
    <ClCompile Include="CoordTracker.cpp">
      <Filter>Source Files</Filter>
    </ClCompile>
    <ClCompile Include="CPoint4.cpp">
      <Filter>Source Files</Filter>
    </ClCompile>
    <ClCompile Include="CRigidBody.cpp">
      <Filter>Source Files</Filter>
    </ClCompile>
    <ClCompile Include="CV120Page.cpp">
      <Filter>Source Files</Filter>
    </ClCompile>
    <ClCompile Include="EgismosBluetoothClient.cpp">
      <Filter>Source Files</Filter>
    </ClCompile>
    <ClCompile Include="EgismosRangefinder.cpp">
      <Filter>Source Files</Filter>
    </ClCompile>
    <ClCompile Include="EgismosRangefinderPage.cpp">
      <Filter>Source Files</Filter>
    </ClCompile>
    <ClCompile Include="FLSC10Page.cpp">
      <Filter>Source Files</Filter>
    </ClCompile>
    <ClCompile Include="FLSC10Rangefinder.cpp">
      <Filter>Source Files</Filter>
    </ClCompile>
    <ClCompile Include="IntervalTimer.cpp">
      <Filter>Source Files</Filter>
    </ClCompile>
    <ClCompile Include="LoopTimer.cpp">
      <Filter>Source Files</Filter>
    </ClCompile>
    <ClCompile Include="MovingAverage.cpp">
      <Filter>Source Files</Filter>
    </ClCompile>
    <ClCompile Include="RBluetooth.cpp">
      <Filter>Source Files</Filter>
    </ClCompile>
    <ClCompile Include="RBluetoothClient.cpp">
      <Filter>Source Files</Filter>
    </ClCompile>
    <ClCompile Include="RBluetoothServer.cpp">
      <Filter>Source Files</Filter>
    </ClCompile>
    <ClCompile Include="RClientSocket.cpp">
      <Filter>Source Files</Filter>
    </ClCompile>
    <ClCompile Include="Remote.cpp">
      <Filter>Source Files</Filter>
    </ClCompile>
    <ClCompile Include="RemotePage.cpp">
      <Filter>Source Files</Filter>
    </ClCompile>
    <ClCompile Include="RMessage.cpp">
      <Filter>Source Files</Filter>
    </ClCompile>
    <ClCompile Include="RMessageHandler.cpp">
      <Filter>Source Files</Filter>
    </ClCompile>
    <ClCompile Include="RMessageQueue.cpp">
      <Filter>Source Files</Filter>
    </ClCompile>
    <ClCompile Include="RSendMessage.cpp">
      <Filter>Source Files</Filter>
    </ClCompile>
    <ClCompile Include="RServerSocket.cpp">
      <Filter>Source Files</Filter>
    </ClCompile>
    <ClCompile Include="RSocket.cpp">
      <Filter>Source Files</Filter>
    </ClCompile>
    <ClCompile Include="SerialEgismos.cpp">
      <Filter>Source Files</Filter>
    </ClCompile>
    <ClCompile Include="SerialFLSC10.cpp">
      <Filter>Source Files</Filter>
    </ClCompile>
    <ClCompile Include="Stats.cpp">
      <Filter>Source Files</Filter>
    </ClCompile>
    <ClCompile Include="StatusPane.cpp">
      <Filter>Source Files</Filter>
    </ClCompile>
    <ClCompile Include="TimeSlotData.cpp">
      <Filter>Source Files</Filter>
    </ClCompile>
    <ClCompile Include="TimeSlotDataPr20.cpp">
      <Filter>Source Files</Filter>
    </ClCompile>
    <ClCompile Include="TimeSlotDataPr30.cpp">
      <Filter>Source Files</Filter>
    </ClCompile>
    <ClCompile Include="TimeSlotDataPr50.cpp">
      <Filter>Source Files</Filter>
    </ClCompile>
    <ClCompile Include="V120TrackerPage.cpp">
      <Filter>Source Files</Filter>
    </ClCompile>
    <ClCompile Include="LaserRangefinder.cpp">
      <Filter>Source Files</Filter>
    </ClCompile>
    <ClCompile Include="ActiveTimeSlots.cpp">
      <Filter>Source Files</Filter>
    </ClCompile>
    <ClCompile Include="FocalLawRx.cpp">
      <Filter>Source Files</Filter>
    </ClCompile>
    <ClCompile Include="FocalLawTx.cpp">
      <Filter>Source Files</Filter>
    </ClCompile>
    <ClCompile Include="MatecFileImport.cpp">
      <Filter>Source Files</Filter>
    </ClCompile>
    <ClCompile Include="AxesPane.cpp">
      <Filter>Source Files</Filter>
    </ClCompile>
    <ClCompile Include="AxisStatusPane.cpp">
      <Filter>Source Files</Filter>
    </ClCompile>
    <ClCompile Include="PositionPane.cpp">
      <Filter>Source Files</Filter>
    </ClCompile>
    <ClCompile Include="PropertiesPane.cpp">
      <Filter>Source Files</Filter>
    </ClCompile>
    <ClCompile Include="ListItemEdit.cpp">
      <Filter>Source Files</Filter>
    </ClCompile>
    <ClCompile Include="USLMFCHeaderCtrl.cpp">
      <Filter>Source Files</Filter>
    </ClCompile>
    <ClCompile Include="USLMFCListCtrl.cpp">
      <Filter>Source Files</Filter>
    </ClCompile>
    <ClCompile Include="USLPropertyGridProperty.cpp">
      <Filter>Source Files</Filter>
    </ClCompile>
    <ClCompile Include="CoordArrayPane.cpp">
      <Filter>Source Files</Filter>
    </ClCompile>
    <ClCompile Include="3DWorldViewPane.cpp">
      <Filter>Source Files</Filter>
    </ClCompile>
    <ClCompile Include="3DCamera.cpp">
      <Filter>Source Files</Filter>
    </ClCompile>
    <ClCompile Include="3DWorldViewLightsPage.cpp">
      <Filter>Source Files</Filter>
    </ClCompile>
    <ClCompile Include="Joints.cpp">
      <Filter>Source Files</Filter>
    </ClCompile>
    <ClCompile Include="USLDockablePane.cpp">
      <Filter>Source Files</Filter>
    </ClCompile>
    <ClCompile Include="PhasedArrayLineScanPage.cpp">
      <Filter>Source Files</Filter>
    </ClCompile>
    <ClCompile Include="SI10x64.cpp">
      <Filter>Source Files</Filter>
    </ClCompile>
    <ClCompile Include="OptimizePane.cpp">
      <Filter>Source Files</Filter>
    </ClCompile>
    <ClCompile Include="AxisPane.cpp">
      <Filter>Source Files</Filter>
    </ClCompile>
    <ClCompile Include="PM40.cpp">
      <Filter>Source Files</Filter>
    </ClCompile>
    <ClCompile Include="PM40Packets.cpp">
      <Filter>Source Files</Filter>
    </ClCompile>
    <ClCompile Include="PM40Utils.cpp">
      <Filter>Source Files</Filter>
    </ClCompile>
    <ClCompile Include="PM40Page.cpp">
      <Filter>Source Files</Filter>
    </ClCompile>
    <ClCompile Include="DiscsShaftsPage.cpp">
      <Filter>Source Files</Filter>
    </ClCompile>
  </ItemGroup>
  <ItemGroup>
    <ResourceCompile Include="USLScanner.rc">
      <Filter>Source Files</Filter>
    </ResourceCompile>
  </ItemGroup>
  <ItemGroup>
    <ClInclude Include="3DBladePage.h">
      <Filter>Header Files</Filter>
    </ClInclude>
    <ClInclude Include="3DDesignPage.h">
      <Filter>Header Files</Filter>
    </ClInclude>
    <ClInclude Include="3DEditTurnTablePage.h">
      <Filter>Header Files</Filter>
    </ClInclude>
    <ClInclude Include="3DEyePointPage.h">
      <Filter>Header Files</Filter>
    </ClInclude>
    <ClInclude Include="3DLightsPage.h">
      <Filter>Header Files</Filter>
    </ClInclude>
    <ClInclude Include="3DObject.h">
      <Filter>Header Files</Filter>
    </ClInclude>
    <ClInclude Include="3DPart.h">
      <Filter>Header Files</Filter>
    </ClInclude>
    <ClInclude Include="3DPrimitive.h">
      <Filter>Header Files</Filter>
    </ClInclude>
    <ClInclude Include="3DStiffenerPage.h">
      <Filter>Header Files</Filter>
    </ClInclude>
    <ClInclude Include="3DToolsSheet1.h">
      <Filter>Header Files</Filter>
    </ClInclude>
    <ClInclude Include="3DViewEditDlg.h">
      <Filter>Header Files</Filter>
    </ClInclude>
    <ClInclude Include="3DViewPage.h">
      <Filter>Header Files</Filter>
    </ClInclude>
    <ClInclude Include="AccessLevelsDlg.h">
      <Filter>Header Files</Filter>
    </ClInclude>
    <ClInclude Include="AcqirisDigitizer.h">
      <Filter>Header Files</Filter>
    </ClInclude>
    <ClInclude Include="AcqirisDlg.h">
      <Filter>Header Files</Filter>
    </ClInclude>
    <ClInclude Include="ActivityLogPage.h">
      <Filter>Header Files</Filter>
    </ClInclude>
    <ClInclude Include="AlazarDigitizer.h">
      <Filter>Header Files</Filter>
    </ClInclude>
    <ClInclude Include="AmplitudePalettePage.h">
      <Filter>Header Files</Filter>
    </ClInclude>
    <ClInclude Include="AnnotateDlg.h">
      <Filter>Header Files</Filter>
    </ClInclude>
    <ClInclude Include="ArchiveSheet.h">
      <Filter>Header Files</Filter>
    </ClInclude>
    <ClInclude Include="ArtificialSignalPage.h">
      <Filter>Header Files</Filter>
    </ClInclude>
    <ClInclude Include="AssignAxesDlg.h">
      <Filter>Header Files</Filter>
    </ClInclude>
    <ClInclude Include="AxesCompensationPage.h">
      <Filter>Header Files</Filter>
    </ClInclude>
    <ClInclude Include="AxesPmacStatus.h">
      <Filter>Header Files</Filter>
    </ClInclude>
    <ClInclude Include="AxesSheet.h">
      <Filter>Header Files</Filter>
    </ClInclude>
    <ClInclude Include="AxesVirtualPage.h">
      <Filter>Header Files</Filter>
    </ClInclude>
    <ClInclude Include="AxisDlg.h">
      <Filter>Header Files</Filter>
    </ClInclude>
    <ClInclude Include="AxisPmacDlg.h">
      <Filter>Header Files</Filter>
    </ClInclude>
    <ClInclude Include="AxisPowerPmacPage.h">
      <Filter>Header Files</Filter>
    </ClInclude>
    <ClInclude Include="AxisServoStatus.h">
      <Filter>Header Files</Filter>
    </ClInclude>
    <ClInclude Include="BallPage.h">
      <Filter>Header Files</Filter>
    </ClInclude>
    <ClInclude Include="BarGraphPropertiesDlg1.h">
      <Filter>Header Files</Filter>
    </ClInclude>
    <ClInclude Include="BisectMoveDlg.h">
      <Filter>Header Files</Filter>
    </ClInclude>
    <ClInclude Include="BladeCSVPage.h">
      <Filter>Header Files</Filter>
    </ClInclude>
    <ClInclude Include="BladeMasterPage.h">
      <Filter>Header Files</Filter>
    </ClInclude>
    <ClInclude Include="BladeStatisticsDlg.h">
      <Filter>Header Files</Filter>
    </ClInclude>
    <ClInclude Include="BladeTolerancePage.h">
      <Filter>Header Files</Filter>
    </ClInclude>
    <ClInclude Include="Bluetooth.h">
      <Filter>Header Files</Filter>
    </ClInclude>
    <ClInclude Include="BMPViewerDlg.h">
      <Filter>Header Files</Filter>
    </ClInclude>
    <ClInclude Include="BootUpDlg.h">
      <Filter>Header Files</Filter>
    </ClInclude>
    <ClInclude Include="BrainEditDlg.h">
      <Filter>Header Files</Filter>
    </ClInclude>
    <ClInclude Include="BrainToolsDlg.h">
      <Filter>Header Files</Filter>
    </ClInclude>
    <ClInclude Include="CADElement.h">
      <Filter>Header Files</Filter>
    </ClInclude>
    <ClInclude Include="CADLinePage.h">
      <Filter>Header Files</Filter>
    </ClInclude>
    <ClInclude Include="CADSheet.h">
      <Filter>Header Files</Filter>
    </ClInclude>
    <ClInclude Include="CADTableDlg.h">
      <Filter>Header Files</Filter>
    </ClInclude>
    <ClInclude Include="CardsDlg.h">
      <Filter>Header Files</Filter>
    </ClInclude>
    <ClInclude Include="ChildView.h">
      <Filter>Header Files</Filter>
    </ClInclude>
    <ClInclude Include="CircumcentreDlg.h">
      <Filter>Header Files</Filter>
    </ClInclude>
    <ClInclude Include="ClientSocket.h">
      <Filter>Header Files</Filter>
    </ClInclude>
    <ClInclude Include="ColourListCtrl.h">
      <Filter>Header Files</Filter>
    </ClInclude>
    <ClInclude Include="ColoursEditDlg.h">
      <Filter>Header Files</Filter>
    </ClInclude>
    <ClInclude Include="CompensationSheet.h">
      <Filter>Header Files</Filter>
    </ClInclude>
    <ClInclude Include="ContourScanDlg.h">
      <Filter>Header Files</Filter>
    </ClInclude>
    <ClInclude Include="Coord.h">
      <Filter>Header Files</Filter>
    </ClInclude>
    <ClInclude Include="CoordV3.h">
      <Filter>Header Files</Filter>
    </ClInclude>
    <ClInclude Include="CopyCoordsDlg.h">
      <Filter>Header Files</Filter>
    </ClInclude>
    <ClInclude Include="CorrelationPage.h">
      <Filter>Header Files</Filter>
    </ClInclude>
    <ClInclude Include="CtrlPropertiesDlg.h">
      <Filter>Header Files</Filter>
    </ClInclude>
    <ClInclude Include="CustomizeSheet.h">
      <Filter>Header Files</Filter>
    </ClInclude>
    <ClInclude Include="D3DFont.h">
      <Filter>Header Files</Filter>
    </ClInclude>
    <ClInclude Include="DangerPlanePage.h">
      <Filter>Header Files</Filter>
    </ClInclude>
    <ClInclude Include="Data.h">
      <Filter>Header Files</Filter>
    </ClInclude>
    <ClInclude Include="DataBaseDlg.h">
      <Filter>Header Files</Filter>
    </ClInclude>
    <ClInclude Include="DataExportRulesDlg.h">
      <Filter>Header Files</Filter>
    </ClInclude>
    <ClInclude Include="DataProperties.h">
      <Filter>Header Files</Filter>
    </ClInclude>
    <ClInclude Include="DataPropertiesDlg.h">
      <Filter>Header Files</Filter>
    </ClInclude>
    <ClInclude Include="DataTranslationHW.h">
      <Filter>Header Files</Filter>
    </ClInclude>
    <ClInclude Include="DataValuePropertiesDlg.h">
      <Filter>Header Files</Filter>
    </ClInclude>
    <ClInclude Include="DatePropertiesDlg.h">
      <Filter>Header Files</Filter>
    </ClInclude>
    <ClInclude Include="DecimateDlg.h">
      <Filter>Header Files</Filter>
    </ClInclude>
    <ClInclude Include="DetailsEditDlg.h">
      <Filter>Header Files</Filter>
    </ClInclude>
    <ClInclude Include="DetailsPage.h">
      <Filter>Header Files</Filter>
    </ClInclude>
    <ClInclude Include="DeviceResoucesDlg.h">
      <Filter>Header Files</Filter>
    </ClInclude>
    <ClInclude Include="DialogBarPumps.h">
      <Filter>Header Files</Filter>
    </ClInclude>
    <ClInclude Include="DirectoriesDlg.h">
      <Filter>Header Files</Filter>
    </ClInclude>
    <ClInclude Include="DoubleScrollBar.h">
      <Filter>Header Files</Filter>
    </ClInclude>
    <ClInclude Include="DrawingToollsDlg.h">
      <Filter>Header Files</Filter>
    </ClInclude>
    <ClInclude Include="EdgeArray.h">
      <Filter>Header Files</Filter>
    </ClInclude>
    <ClInclude Include="EdgeEqualizerPage.h">
      <Filter>Header Files</Filter>
    </ClInclude>
    <ClInclude Include="EditBladeDlg.h">
      <Filter>Header Files</Filter>
    </ClInclude>
    <ClInclude Include="EditColour.h">
      <Filter>Header Files</Filter>
    </ClInclude>
    <ClInclude Include="EditCoordDlg.h">
      <Filter>Header Files</Filter>
    </ClInclude>
    <ClInclude Include="EditDetailsDlg.h">
      <Filter>Header Files</Filter>
    </ClInclude>
    <ClInclude Include="EditSpinItem.h">
      <Filter>Header Files</Filter>
    </ClInclude>
    <ClInclude Include="EndEffector.h">
      <Filter>Header Files</Filter>
    </ClInclude>
    <ClInclude Include="EnvelopeEditDlg.h">
      <Filter>Header Files</Filter>
    </ClInclude>
    <ClInclude Include="EnvelopePage.h">
      <Filter>Header Files</Filter>
    </ClInclude>
    <ClInclude Include="EnvelopeRectangularDlg.h">
      <Filter>Header Files</Filter>
    </ClInclude>
    <ClInclude Include="EnvelopeToolsDlg.h">
      <Filter>Header Files</Filter>
    </ClInclude>
    <ClInclude Include="Ethercat.h">
      <Filter>Header Files</Filter>
    </ClInclude>
    <ClInclude Include="EthercatPage.h">
      <Filter>Header Files</Filter>
    </ClInclude>
    <ClInclude Include="Ethernet.h">
      <Filter>Header Files</Filter>
    </ClInclude>
    <ClInclude Include="EthernetPage.h">
      <Filter>Header Files</Filter>
    </ClInclude>
    <ClInclude Include="EvaluationDlg.h">
      <Filter>Header Files</Filter>
    </ClInclude>
    <ClInclude Include="ExclusionZonesDlg.h">
      <Filter>Header Files</Filter>
    </ClInclude>
    <ClInclude Include="ExtSourcePage.h">
      <Filter>Header Files</Filter>
    </ClInclude>
    <ClInclude Include="ExtTrigScan.h">
      <Filter>Header Files</Filter>
    </ClInclude>
    <ClInclude Include="FaroCoordinateDlg.h">
      <Filter>Header Files</Filter>
    </ClInclude>
    <ClInclude Include="FaroElementExpansionDlg.h">
      <Filter>Header Files</Filter>
    </ClInclude>
    <ClInclude Include="FaroTrackerPage.h">
      <Filter>Header Files</Filter>
    </ClInclude>
    <ClInclude Include="FeatureEditDlg.h">
      <Filter>Header Files</Filter>
    </ClInclude>
    <ClInclude Include="FFT.h">
      <Filter>Header Files</Filter>
    </ClInclude>
    <ClInclude Include="FieldBusController.h">
      <Filter>Header Files</Filter>
    </ClInclude>
    <ClInclude Include="FileThumbNailDlg.h">
      <Filter>Header Files</Filter>
    </ClInclude>
    <ClInclude Include="FillLeadscrewTableDlg.h">
      <Filter>Header Files</Filter>
    </ClInclude>
    <ClInclude Include="FilterSheet.h">
      <Filter>Header Files</Filter>
    </ClInclude>
    <ClInclude Include="FIR.h">
      <Filter>Header Files</Filter>
    </ClInclude>
    <ClInclude Include="FIRDlg.h">
      <Filter>Header Files</Filter>
    </ClInclude>
    <ClInclude Include="FLatPackToolsDlg.h">
      <Filter>Header Files</Filter>
    </ClInclude>
    <ClInclude Include="FlatScanPage.h">
      <Filter>Header Files</Filter>
    </ClInclude>
    <ClInclude Include="FlattenDlg.h">
      <Filter>Header Files</Filter>
    </ClInclude>
    <ClInclude Include="FokkerPumpPage.h">
      <Filter>Header Files</Filter>
    </ClInclude>
    <ClInclude Include="FokkerScanDetailsPage.h">
      <Filter>Header Files</Filter>
    </ClInclude>
    <ClInclude Include="GatesPage.h">
      <Filter>Header Files</Filter>
    </ClInclude>
    <ClInclude Include="GenericScanner.h">
      <Filter>Header Files</Filter>
    </ClInclude>
    <ClInclude Include="GlobalUtPage.h">
      <Filter>Header Files</Filter>
    </ClInclude>
    <ClInclude Include="GraticulePage.h">
      <Filter>Header Files</Filter>
    </ClInclude>
    <ClInclude Include="HeaderCtrlCheck.h">
      <Filter>Header Files</Filter>
    </ClInclude>
    <ClInclude Include="Help.h">
      <Filter>Header Files</Filter>
    </ClInclude>
    <ClInclude Include="HilscherPage.h">
      <Filter>Header Files</Filter>
    </ClInclude>
    <ClInclude Include="HistogramDlg.h">
      <Filter>Header Files</Filter>
    </ClInclude>
    <ClInclude Include="HistogramOptionsPage.h">
      <Filter>Header Files</Filter>
    </ClInclude>
    <ClInclude Include="HoldingFixtureEditDlg.h">
      <Filter>Header Files</Filter>
    </ClInclude>
    <ClInclude Include="HoldingPage.h">
      <Filter>Header Files</Filter>
    </ClInclude>
    <ClInclude Include="HolesEditDlg.h">
      <Filter>Header Files</Filter>
    </ClInclude>
    <ClInclude Include="HRTimer.h">
      <Filter>Header Files</Filter>
    </ClInclude>
    <ClInclude Include="IGES.h">
      <Filter>Header Files</Filter>
    </ClInclude>
    <ClInclude Include="IGESDlg.h">
      <Filter>Header Files</Filter>
    </ClInclude>
    <ClInclude Include="IJKPage.h">
      <Filter>Header Files</Filter>
    </ClInclude>
    <ClInclude Include="ImageFilterPage.h">
      <Filter>Header Files</Filter>
    </ClInclude>
    <ClInclude Include="ImageProcessorPage.h">
      <Filter>Header Files</Filter>
    </ClInclude>
    <ClInclude Include="ImagePropertiesDlg.h">
      <Filter>Header Files</Filter>
    </ClInclude>
    <ClInclude Include="ImportCrossSectionOverlayDlg.h">
      <Filter>Header Files</Filter>
    </ClInclude>
    <ClInclude Include="ImportRulesDlg.h">
      <Filter>Header Files</Filter>
    </ClInclude>
    <ClInclude Include="ImportToolPathsDlg.h">
      <Filter>Header Files</Filter>
    </ClInclude>
    <ClInclude Include="InclusionRulesPage.h">
      <Filter>Header Files</Filter>
    </ClInclude>
    <ClInclude Include="Inclusions.h">
      <Filter>Header Files</Filter>
    </ClInclude>
    <ClInclude Include="InclusionsDetailsPage.h">
      <Filter>Header Files</Filter>
    </ClInclude>
    <ClInclude Include="InclusionsResultsPage.h">
      <Filter>Header Files</Filter>
    </ClInclude>
    <ClInclude Include="InclusionsSheet.h">
      <Filter>Header Files</Filter>
    </ClInclude>
    <ClInclude Include="iphlpapi.h">
      <Filter>Header Files</Filter>
    </ClInclude>
    <ClInclude Include="IsometricPage.h">
      <Filter>Header Files</Filter>
    </ClInclude>
    <ClInclude Include="JogPage.h">
      <Filter>Header Files</Filter>
    </ClInclude>
    <ClInclude Include="KinematicDlg.h">
      <Filter>Header Files</Filter>
    </ClInclude>
    <ClInclude Include="Kinematics.h">
      <Filter>Header Files</Filter>
    </ClInclude>
    <ClInclude Include="LaserToolsPage.h">
      <Filter>Header Files</Filter>
    </ClInclude>
    <ClInclude Include="LeadScrew.h">
      <Filter>Header Files</Filter>
    </ClInclude>
    <ClInclude Include="LeadScrewCompensationPage.h">
      <Filter>Header Files</Filter>
    </ClInclude>
    <ClInclude Include="LeAlignPage.h">
      <Filter>Header Files</Filter>
    </ClInclude>
    <ClInclude Include="LiftPage.h">
      <Filter>Header Files</Filter>
    </ClInclude>
    <ClInclude Include="LinePropertiesDlg.h">
      <Filter>Header Files</Filter>
    </ClInclude>
    <ClInclude Include="ListCtrlCheck.h">
      <Filter>Header Files</Filter>
    </ClInclude>
    <ClInclude Include="ListPropertiesDlg.h">
      <Filter>Header Files</Filter>
    </ClInclude>
    <ClInclude Include="LogonDlg.h">
      <Filter>Header Files</Filter>
    </ClInclude>
    <ClInclude Include="LSA.h">
      <Filter>Header Files</Filter>
    </ClInclude>
    <ClInclude Include="LSABScanDlg.h">
      <Filter>Header Files</Filter>
    </ClInclude>
    <ClInclude Include="LSAPage.h">
      <Filter>Header Files</Filter>
    </ClInclude>
    <ClInclude Include="MachineDescriptionDlg.h">
      <Filter>Header Files</Filter>
    </ClInclude>
    <ClInclude Include="MachineMonitorPage.h">
      <Filter>Header Files</Filter>
    </ClInclude>
    <ClInclude Include="MainFrm.h">
      <Filter>Header Files</Filter>
    </ClInclude>
    <ClInclude Include="MaintenanceDiagnosticsSheet.h">
      <Filter>Header Files</Filter>
    </ClInclude>
    <ClInclude Include="MaintenancePage.h">
      <Filter>Header Files</Filter>
    </ClInclude>
    <ClInclude Include="MainThread.h">
      <Filter>Header Files</Filter>
    </ClInclude>
    <ClInclude Include="ManipulatorSelectPage.h">
      <Filter>Header Files</Filter>
    </ClInclude>
    <ClInclude Include="MarkerPenPage.h">
      <Filter>Header Files</Filter>
    </ClInclude>
    <ClInclude Include="MosaicDlg.h">
      <Filter>Header Files</Filter>
    </ClInclude>
    <ClInclude Include="MotionToolsSheet.h">
      <Filter>Header Files</Filter>
    </ClInclude>
    <ClInclude Include="Motors.h">
      <Filter>Header Files</Filter>
    </ClInclude>
    <ClInclude Include="MoveLadderPage.h">
      <Filter>Header Files</Filter>
    </ClInclude>
    <ClInclude Include="MoveToPage.h">
      <Filter>Header Files</Filter>
    </ClInclude>
    <ClInclude Include="MultipleBScansDlg.h">
      <Filter>Header Files</Filter>
    </ClInclude>
    <ClInclude Include="MultipleScansPage.h">
      <Filter>Header Files</Filter>
    </ClInclude>
    <ClInclude Include="NonCadVariablesDlg.h">
      <Filter>Header Files</Filter>
    </ClInclude>
    <ClInclude Include="NormalizePage.h">
      <Filter>Header Files</Filter>
    </ClInclude>
    <ClInclude Include="NormalsEditDlg.h">
      <Filter>Header Files</Filter>
    </ClInclude>
    <ClInclude Include="NURBS.h">
      <Filter>Header Files</Filter>
    </ClInclude>
    <ClInclude Include="OperatorContourScanPage.h">
      <Filter>Header Files</Filter>
    </ClInclude>
    <ClInclude Include="OptionsDlg.h">
      <Filter>Header Files</Filter>
    </ClInclude>
    <ClInclude Include="OriginForeplanePage.h">
      <Filter>Header Files</Filter>
    </ClInclude>
    <ClInclude Include="OriginPage.h">
      <Filter>Header Files</Filter>
    </ClInclude>
    <ClInclude Include="OverlayPage.h">
      <Filter>Header Files</Filter>
    </ClInclude>
    <ClInclude Include="PAEdgeEqualizerPage.h">
      <Filter>Header Files</Filter>
    </ClInclude>
    <ClInclude Include="PaletteSheet.h">
      <Filter>Header Files</Filter>
    </ClInclude>
    <ClInclude Include="ParksMcClellanPage.h">
      <Filter>Header Files</Filter>
    </ClInclude>
    <ClInclude Include="PermissionDlg.h">
      <Filter>Header Files</Filter>
    </ClInclude>
    <ClInclude Include="PhasedArrayProbe.h">
      <Filter>Header Files</Filter>
    </ClInclude>
    <ClInclude Include="PhasedArrayProbeDlg.h">
      <Filter>Header Files</Filter>
    </ClInclude>
    <ClInclude Include="PhasePage.h">
      <Filter>Header Files</Filter>
    </ClInclude>
    <ClInclude Include="Pmac.h">
      <Filter>Header Files</Filter>
    </ClInclude>
    <ClInclude Include="PmacArchivePage.h">
      <Filter>Header Files</Filter>
    </ClInclude>
    <ClInclude Include="PmacDownLoadPage.h">
      <Filter>Header Files</Filter>
    </ClInclude>
    <ClInclude Include="PmacDPRAMTestPage.h">
      <Filter>Header Files</Filter>
    </ClInclude>
    <ClInclude Include="PmacFaultFindingPage.h">
      <Filter>Header Files</Filter>
    </ClInclude>
    <ClInclude Include="PmacFaultsPage.h">
      <Filter>Header Files</Filter>
    </ClInclude>
    <ClInclude Include="PmacGeneralPage.h">
      <Filter>Header Files</Filter>
    </ClInclude>
    <ClInclude Include="PmacMacroPage.h">
      <Filter>Header Files</Filter>
    </ClInclude>
    <ClInclude Include="PmacPcomm32.h">
      <Filter>Header Files</Filter>
    </ClInclude>
    <ClInclude Include="PmacPcommServer.h">
      <Filter>Header Files</Filter>
    </ClInclude>
    <ClInclude Include="PmacSheet.h">
      <Filter>Header Files</Filter>
    </ClInclude>
    <ClInclude Include="PmacTrajectoryPage.h">
      <Filter>Header Files</Filter>
    </ClInclude>
    <ClInclude Include="PmacTuningPage.h">
      <Filter>Header Files</Filter>
    </ClInclude>
    <ClInclude Include="PmacUSL.h">
      <Filter>Header Files</Filter>
    </ClInclude>
    <ClInclude Include="PmacVariablesPage.h">
      <Filter>Header Files</Filter>
    </ClInclude>
    <ClInclude Include="PolyCoord.h">
      <Filter>Header Files</Filter>
    </ClInclude>
    <ClInclude Include="PolyCoordDlg1.h">
      <Filter>Header Files</Filter>
    </ClInclude>
    <ClInclude Include="PolyMeshCoord.h">
      <Filter>Header Files</Filter>
    </ClInclude>
    <ClInclude Include="PorosityPage.h">
      <Filter>Header Files</Filter>
    </ClInclude>
    <ClInclude Include="PositionGraphicalPage1.h">
      <Filter>Header Files</Filter>
    </ClInclude>
    <ClInclude Include="PositionHoldingFokkerPage.h">
      <Filter>Header Files</Filter>
    </ClInclude>
    <ClInclude Include="PositionPage.h">
      <Filter>Header Files</Filter>
    </ClInclude>
    <ClInclude Include="PositionSheet.h">
      <Filter>Header Files</Filter>
    </ClInclude>
    <ClInclude Include="PositionSingleBridgePage.h">
      <Filter>Header Files</Filter>
    </ClInclude>
    <ClInclude Include="PositionSwivGimRotPage.h">
      <Filter>Header Files</Filter>
    </ClInclude>
    <ClInclude Include="PowerPmacStatusPage.h">
      <Filter>Header Files</Filter>
    </ClInclude>
    <ClInclude Include="Pr20Dlg.h">
      <Filter>Header Files</Filter>
    </ClInclude>
    <ClInclude Include="PrintConesCylindersDlg.h">
      <Filter>Header Files</Filter>
    </ClInclude>
    <ClInclude Include="PrinterDiagnosticsPage.h">
      <Filter>Header Files</Filter>
    </ClInclude>
    <ClInclude Include="PrinterUtils.h">
      <Filter>Header Files</Filter>
    </ClInclude>
    <ClInclude Include="PrintOptionsDlg.h">
      <Filter>Header Files</Filter>
    </ClInclude>
    <ClInclude Include="Probe.h">
      <Filter>Header Files</Filter>
    </ClInclude>
    <ClInclude Include="ProbeAxialPlotPage.h">
      <Filter>Header Files</Filter>
    </ClInclude>
    <ClInclude Include="ProbeBeamProfilePage.h">
      <Filter>Header Files</Filter>
    </ClInclude>
    <ClInclude Include="ProbeBeamSectionsPage.h">
      <Filter>Header Files</Filter>
    </ClInclude>
    <ClInclude Include="ProbeCharacterisationSheet.h">
      <Filter>Header Files</Filter>
    </ClInclude>
    <ClInclude Include="ProbeDataSheetPage.h">
      <Filter>Header Files</Filter>
    </ClInclude>
    <ClInclude Include="ProbeSpecificationPage.h">
      <Filter>Header Files</Filter>
    </ClInclude>
    <ClInclude Include="ProbeToolsSheet.h">
      <Filter>Header Files</Filter>
    </ClInclude>
    <ClInclude Include="Profile.h">
      <Filter>Header Files</Filter>
    </ClInclude>
    <ClInclude Include="ProfileSheet.h">
      <Filter>Header Files</Filter>
    </ClInclude>
    <ClInclude Include="ProgressDlg.h">
      <Filter>Header Files</Filter>
    </ClInclude>
    <ClInclude Include="PromptDlg.h">
      <Filter>Header Files</Filter>
    </ClInclude>
    <ClInclude Include="ProtractorPage.h">
      <Filter>Header Files</Filter>
    </ClInclude>
    <ClInclude Include="PumpPage.h">
      <Filter>Header Files</Filter>
    </ClInclude>
    <ClInclude Include="QuaternionPage.h">
      <Filter>Header Files</Filter>
    </ClInclude>
    <ClInclude Include="RectanglePropertiesDlg.h">
      <Filter>Header Files</Filter>
    </ClInclude>
    <ClInclude Include="RectFloat.h">
      <Filter>Header Files</Filter>
    </ClInclude>
    <ClInclude Include="RectilinearScanPage.h">
      <Filter>Header Files</Filter>
    </ClInclude>
    <ClInclude Include="RegisterActiveX.h">
      <Filter>Header Files</Filter>
    </ClInclude>
    <ClInclude Include="Registry.h">
      <Filter>Header Files</Filter>
    </ClInclude>
    <ClInclude Include="RemoteInterface.h">
      <Filter>Header Files</Filter>
    </ClInclude>
    <ClInclude Include="RemoteInterfacePage.h">
      <Filter>Header Files</Filter>
    </ClInclude>
    <ClInclude Include="ReportHeaderFooterDlg.h">
      <Filter>Header Files</Filter>
    </ClInclude>
    <ClInclude Include="ReportPrintDlg1.h">
      <Filter>Header Files</Filter>
    </ClInclude>
    <ClInclude Include="ReportTablePropertiesDlg.h">
      <Filter>Header Files</Filter>
    </ClInclude>
    <ClInclude Include="ReportUltrasonicsPropertiesDlg.h">
      <Filter>Header Files</Filter>
    </ClInclude>
    <ClInclude Include="ResizableDialog.h">
      <Filter>Header Files</Filter>
    </ClInclude>
    <ClInclude Include="ResizableFormView.h">
      <Filter>Header Files</Filter>
    </ClInclude>
    <ClInclude Include="ResizableGrip.h">
      <Filter>Header Files</Filter>
    </ClInclude>
    <ClInclude Include="ResizableLayout.h">
      <Filter>Header Files</Filter>
    </ClInclude>
    <ClInclude Include="ResizableMinMax.h">
      <Filter>Header Files</Filter>
    </ClInclude>
    <ClInclude Include="ResizablePage.h">
      <Filter>Header Files</Filter>
    </ClInclude>
    <ClInclude Include="ResizablePageEx.h">
      <Filter>Header Files</Filter>
    </ClInclude>
    <ClInclude Include="ResizableSheet.h">
      <Filter>Header Files</Filter>
    </ClInclude>
    <ClInclude Include="ResizableSheetEx.h">
      <Filter>Header Files</Filter>
    </ClInclude>
    <ClInclude Include="ResizableState.h">
      <Filter>Header Files</Filter>
    </ClInclude>
    <ClInclude Include="Resource.h">
      <Filter>Header Files</Filter>
    </ClInclude>
    <ClInclude Include="Robot.h">
      <Filter>Header Files</Filter>
    </ClInclude>
    <ClInclude Include="RobotArmPositionsPage.h">
      <Filter>Header Files</Filter>
    </ClInclude>
    <ClInclude Include="RobotCommsPage.h">
      <Filter>Header Files</Filter>
    </ClInclude>
    <ClInclude Include="RobotDualPosPage.h">
      <Filter>Header Files</Filter>
    </ClInclude>
    <ClInclude Include="RobotEndEffectorPage.h">
      <Filter>Header Files</Filter>
    </ClInclude>
    <ClInclude Include="RobotHandShakingPage.h">
      <Filter>Header Files</Filter>
    </ClInclude>
    <ClInclude Include="RobotJointsPage.h">
      <Filter>Header Files</Filter>
    </ClInclude>
    <ClInclude Include="RobotPage.h">
      <Filter>Header Files</Filter>
    </ClInclude>
    <ClInclude Include="RobotSheet.h">
      <Filter>Header Files</Filter>
    </ClInclude>
    <ClInclude Include="RobotUserPage.h">
      <Filter>Header Files</Filter>
    </ClInclude>
    <ClInclude Include="RollerProbePage.h">
      <Filter>Header Files</Filter>
    </ClInclude>
    <ClInclude Include="RollerScanPage.h">
      <Filter>Header Files</Filter>
    </ClInclude>
    <ClInclude Include="RotateSwivelGimbalPage.h">
      <Filter>Header Files</Filter>
    </ClInclude>
    <ClInclude Include="RotateThetaLiftPage.h">
      <Filter>Header Files</Filter>
    </ClInclude>
    <ClInclude Include="RRBladeScanPage.h">
      <Filter>Header Files</Filter>
    </ClInclude>
    <ClInclude Include="RRImportCSVThicknessOverlay.h">
      <Filter>Header Files</Filter>
    </ClInclude>
    <ClInclude Include="RRMES.h">
      <Filter>Header Files</Filter>
    </ClInclude>
    <ClInclude Include="RRMESPage.h">
      <Filter>Header Files</Filter>
    </ClInclude>
    <ClInclude Include="RRWIPPage.h">
      <Filter>Header Files</Filter>
    </ClInclude>
    <ClInclude Include="RThetaPage.h">
      <Filter>Header Files</Filter>
    </ClInclude>
    <ClInclude Include="RulerPage.h">
      <Filter>Header Files</Filter>
    </ClInclude>
    <ClInclude Include="Runtime.h">
      <Filter>Header Files</Filter>
    </ClInclude>
    <ClInclude Include="SafetyInterlocksDlg.h">
      <Filter>Header Files</Filter>
    </ClInclude>
    <ClInclude Include="SafetySerial.h">
      <Filter>Header Files</Filter>
    </ClInclude>
    <ClInclude Include="ScanLinesEditDlg.h">
      <Filter>Header Files</Filter>
    </ClInclude>
    <ClInclude Include="ScanLinesPage.h">
      <Filter>Header Files</Filter>
    </ClInclude>
    <ClInclude Include="ScanSheet.h">
      <Filter>Header Files</Filter>
    </ClInclude>
    <ClInclude Include="Scope.h">
      <Filter>Header Files</Filter>
    </ClInclude>
    <ClInclude Include="ScopeDlg.h">
      <Filter>Header Files</Filter>
    </ClInclude>
    <ClInclude Include="ScopeOptionsPage.h">
      <Filter>Header Files</Filter>
    </ClInclude>
    <ClInclude Include="SelfTestDlg.h">
      <Filter>Header Files</Filter>
    </ClInclude>
    <ClInclude Include="SentenceDlg.h">
      <Filter>Header Files</Filter>
    </ClInclude>
    <ClInclude Include="Serial.h">
      <Filter>Header Files</Filter>
    </ClInclude>
    <ClInclude Include="SerialJoystickDlg.h">
      <Filter>Header Files</Filter>
    </ClInclude>
    <ClInclude Include="Servo.h">
      <Filter>Header Files</Filter>
    </ClInclude>
    <ClInclude Include="ServoDrivesPage.h">
      <Filter>Header Files</Filter>
    </ClInclude>
    <ClInclude Include="Si10.h">
      <Filter>Header Files</Filter>
    </ClInclude>
    <ClInclude Include="SI10Page.h">
      <Filter>Header Files</Filter>
    </ClInclude>
    <ClInclude Include="Si6.h">
      <Filter>Header Files</Filter>
    </ClInclude>
    <ClInclude Include="Si6StatusPage.h">
      <Filter>Header Files</Filter>
    </ClInclude>
    <ClInclude Include="SineWaveDlg.h">
      <Filter>Header Files</Filter>
    </ClInclude>
    <ClInclude Include="SpectrumAnalyzerDlg.h">
      <Filter>Header Files</Filter>
    </ClInclude>
    <ClInclude Include="SpectrumDigitizer.h">
      <Filter>Header Files</Filter>
    </ClInclude>
    <ClInclude Include="SquirtersPage.h">
      <Filter>Header Files</Filter>
    </ClInclude>
    <ClInclude Include="StaticPosManage.h">
      <Filter>Header Files</Filter>
    </ClInclude>
    <ClInclude Include="StaticScroll.h">
      <Filter>Header Files</Filter>
    </ClInclude>
    <ClInclude Include="StdAfx.h">
      <Filter>Header Files</Filter>
    </ClInclude>
    <ClInclude Include="StepperSheet.h">
      <Filter>Header Files</Filter>
    </ClInclude>
    <ClInclude Include="TaughtLinesEditDlg.h">
      <Filter>Header Files</Filter>
    </ClInclude>
    <ClInclude Include="TaughtToolsDlg.h">
      <Filter>Header Files</Filter>
    </ClInclude>
    <ClInclude Include="TessellationPage.h">
      <Filter>Header Files</Filter>
    </ClInclude>
    <ClInclude Include="TextPropertiesDlg.h">
      <Filter>Header Files</Filter>
    </ClInclude>
    <ClInclude Include="ThicknessCalibrationpage.h">
      <Filter>Header Files</Filter>
    </ClInclude>
    <ClInclude Include="ThicknessPalettePage.h">
      <Filter>Header Files</Filter>
    </ClInclude>
    <ClInclude Include="ThirdPartyImageDlg.h">
      <Filter>Header Files</Filter>
    </ClInclude>
    <ClInclude Include="TimeSlotPr30.h">
      <Filter>Header Files</Filter>
    </ClInclude>
    <ClInclude Include="Token.h">
      <Filter>Header Files</Filter>
    </ClInclude>
    <ClInclude Include="ToolChangerPage.h">
      <Filter>Header Files</Filter>
    </ClInclude>
    <ClInclude Include="ToolChangers.h">
      <Filter>Header Files</Filter>
    </ClInclude>
    <ClInclude Include="ToolPathDlg1.h">
      <Filter>Header Files</Filter>
    </ClInclude>
    <ClInclude Include="ToolPathPage.h">
      <Filter>Header Files</Filter>
    </ClInclude>
    <ClInclude Include="TranslatDlg.h">
      <Filter>Header Files</Filter>
    </ClInclude>
    <ClInclude Include="TranslationDlg.h">
      <Filter>Header Files</Filter>
    </ClInclude>
    <ClInclude Include="TransPlyPage.h">
      <Filter>Header Files</Filter>
    </ClInclude>
    <ClInclude Include="TubeScanPage1.h">
      <Filter>Header Files</Filter>
    </ClInclude>
    <ClInclude Include="TurntablePage.h">
      <Filter>Header Files</Filter>
    </ClInclude>
    <ClInclude Include="TurnTableScanPage.h">
      <Filter>Header Files</Filter>
    </ClInclude>
    <ClInclude Include="UltrasonicsSheet.h">
      <Filter>Header Files</Filter>
    </ClInclude>
    <ClInclude Include="USBKey.h">
      <Filter>Header Files</Filter>
    </ClInclude>
    <ClInclude Include="USBtoI2C.h">
      <Filter>Header Files</Filter>
    </ClInclude>
    <ClInclude Include="Users.h">
      <Filter>Header Files</Filter>
    </ClInclude>
    <ClInclude Include="UsersDlg.h">
      <Filter>Header Files</Filter>
    </ClInclude>
    <ClInclude Include="uslbar.h">
      <Filter>Header Files</Filter>
    </ClInclude>
    <ClInclude Include="USLFile.h">
      <Filter>Header Files</Filter>
    </ClInclude>
    <ClInclude Include="USLPalette.h">
      <Filter>Header Files</Filter>
    </ClInclude>
    <ClInclude Include="USLPrint.h">
      <Filter>Header Files</Filter>
    </ClInclude>
    <ClInclude Include="USLScanner.h">
      <Filter>Header Files</Filter>
    </ClInclude>
    <ClInclude Include="USLScans.h">
      <Filter>Header Files</Filter>
    </ClInclude>
    <ClInclude Include="USLut.h">
      <Filter>Header Files</Filter>
    </ClInclude>
    <ClInclude Include="UtTrafficLightPage.h">
      <Filter>Header Files</Filter>
    </ClInclude>
    <ClInclude Include="Version1.h">
      <Filter>Header Files</Filter>
    </ClInclude>
    <ClInclude Include="Vertex.h">
      <Filter>Header Files</Filter>
    </ClInclude>
    <ClInclude Include="VertexArray.h">
      <Filter>Header Files</Filter>
    </ClInclude>
    <ClInclude Include="VerticalBoreScannerPage.h">
      <Filter>Header Files</Filter>
    </ClInclude>
    <ClInclude Include="ViewBladeThickneessDlg.h">
      <Filter>Header Files</Filter>
    </ClInclude>
    <ClInclude Include="ViewCommentsDlg.h">
      <Filter>Header Files</Filter>
    </ClInclude>
    <ClInclude Include="ViewOptionsSheet.h">
      <Filter>Header Files</Filter>
    </ClInclude>
    <ClInclude Include="ViewPage.h">
      <Filter>Header Files</Filter>
    </ClInclude>
    <ClInclude Include="ViewSheet.h">
      <Filter>Header Files</Filter>
    </ClInclude>
    <ClInclude Include="ViewStatsDlg.h">
      <Filter>Header Files</Filter>
    </ClInclude>
    <ClInclude Include="ViewThicknessCrossSectionDlg.h">
      <Filter>Header Files</Filter>
    </ClInclude>
    <ClInclude Include="ViewUltrasonicsDlg.h">
      <Filter>Header Files</Filter>
    </ClInclude>
    <ClInclude Include="ViewValuePage.h">
      <Filter>Header Files</Filter>
    </ClInclude>
    <ClInclude Include="VolumeAscanPage.h">
      <Filter>Header Files</Filter>
    </ClInclude>
    <ClInclude Include="VolumeData.h">
      <Filter>Header Files</Filter>
    </ClInclude>
    <ClInclude Include="VolumeLibraryPage.h">
      <Filter>Header Files</Filter>
    </ClInclude>
    <ClInclude Include="VolumeOptionsSheet.h">
      <Filter>Header Files</Filter>
    </ClInclude>
    <ClInclude Include="VolumeViewDlg.h">
      <Filter>Header Files</Filter>
    </ClInclude>
    <ClInclude Include="WayLinesEditDlg.h">
      <Filter>Header Files</Filter>
    </ClInclude>
    <ClInclude Include="WayPointsDlg.h">
      <Filter>Header Files</Filter>
    </ClInclude>
    <ClInclude Include="WindowedSincPage.h">
      <Filter>Header Files</Filter>
    </ClInclude>
    <ClInclude Include="WorkerThread.h">
      <Filter>Header Files</Filter>
    </ClInclude>
    <ClInclude Include="WorkSpace.h">
      <Filter>Header Files</Filter>
    </ClInclude>
    <ClInclude Include="WorkSpaceDlg.h">
      <Filter>Header Files</Filter>
    </ClInclude>
    <ClInclude Include="WorkSpaceSheet.h">
      <Filter>Header Files</Filter>
    </ClInclude>
    <ClInclude Include="XMLRulesDlg.h">
      <Filter>Header Files</Filter>
    </ClInclude>
    <ClInclude Include="ZoomPage.h">
      <Filter>Header Files</Filter>
    </ClInclude>
    <ClInclude Include="targetver.h">
      <Filter>Header Files</Filter>
    </ClInclude>
    <ClInclude Include="tracker.h">
      <Filter>Header Files</Filter>
    </ClInclude>
    <ClInclude Include="CMFCToolBarSpinButton.h">
      <Filter>Header Files</Filter>
    </ClInclude>
    <ClInclude Include="ToolBarLabel.h">
      <Filter>Header Files</Filter>
    </ClInclude>
    <ClInclude Include="MFCNormalizeDlg.h">
      <Filter>Header Files</Filter>
    </ClInclude>
    <ClInclude Include="AOSPhasedArrayPage.h">
      <Filter>Header Files</Filter>
    </ClInclude>
    <ClInclude Include="AOSPhasedArray.h">
      <Filter>Header Files</Filter>
    </ClInclude>
    <ClInclude Include="FocalLaw.h">
      <Filter>Header Files</Filter>
    </ClInclude>
    <ClInclude Include="CPhasedArraySheet.h">
      <Filter>Header Files</Filter>
    </ClInclude>
    <ClInclude Include="AOSPhasedArrayUTPage.h">
      <Filter>Header Files</Filter>
    </ClInclude>
    <ClInclude Include="EditSpinCtrl.h">
      <Filter>Header Files</Filter>
    </ClInclude>
    <ClInclude Include="USLThread.h">
      <Filter>Header Files</Filter>
    </ClInclude>
    <ClInclude Include="ActiveTimeSlots.h">
      <Filter>Header Files</Filter>
    </ClInclude>
    <ClInclude Include="BluetoothServer.h">
      <Filter>Header Files</Filter>
    </ClInclude>
    <ClInclude Include="ConcurrentQueue.h">
      <Filter>Header Files</Filter>
    </ClInclude>
    <ClInclude Include="CoordTracker.h">
      <Filter>Header Files</Filter>
    </ClInclude>
    <ClInclude Include="CPoint4.h">
      <Filter>Header Files</Filter>
    </ClInclude>
    <ClInclude Include="CRigidBody.h">
      <Filter>Header Files</Filter>
    </ClInclude>
    <ClInclude Include="CV120Page.h">
      <Filter>Header Files</Filter>
    </ClInclude>
    <ClInclude Include="EgismosBluetoothClient.h">
      <Filter>Header Files</Filter>
    </ClInclude>
    <ClInclude Include="EgismosRangefinder.h">
      <Filter>Header Files</Filter>
    </ClInclude>
    <ClInclude Include="EgismosRangefinderPage.h">
      <Filter>Header Files</Filter>
    </ClInclude>
    <ClInclude Include="FLSC10Page.h">
      <Filter>Header Files</Filter>
    </ClInclude>
    <ClInclude Include="FLSC10Rangefinder.h">
      <Filter>Header Files</Filter>
    </ClInclude>
    <ClInclude Include="IntervalTimer.h">
      <Filter>Header Files</Filter>
    </ClInclude>
    <ClInclude Include="LoopTimer.h">
      <Filter>Header Files</Filter>
    </ClInclude>
    <ClInclude Include="MovingAverage.h">
      <Filter>Header Files</Filter>
    </ClInclude>
    <ClInclude Include="RBluetooth.h">
      <Filter>Header Files</Filter>
    </ClInclude>
    <ClInclude Include="RBluetoothClient.h">
      <Filter>Header Files</Filter>
    </ClInclude>
    <ClInclude Include="RBluetoothServer.h">
      <Filter>Header Files</Filter>
    </ClInclude>
    <ClInclude Include="RClientSocket.h">
      <Filter>Header Files</Filter>
    </ClInclude>
    <ClInclude Include="Remote.h">
      <Filter>Header Files</Filter>
    </ClInclude>
    <ClInclude Include="RemotePage.h">
      <Filter>Header Files</Filter>
    </ClInclude>
    <ClInclude Include="RMessage.h">
      <Filter>Header Files</Filter>
    </ClInclude>
    <ClInclude Include="RMessageDefs.h">
      <Filter>Header Files</Filter>
    </ClInclude>
    <ClInclude Include="RMessageHandler.h">
      <Filter>Header Files</Filter>
    </ClInclude>
    <ClInclude Include="RMessageQueue.h">
      <Filter>Header Files</Filter>
    </ClInclude>
    <ClInclude Include="RReceiveMessage.h">
      <Filter>Header Files</Filter>
    </ClInclude>
    <ClInclude Include="RSendMessage.h">
      <Filter>Header Files</Filter>
    </ClInclude>
    <ClInclude Include="RServerSocket.h">
      <Filter>Header Files</Filter>
    </ClInclude>
    <ClInclude Include="RSocket.h">
      <Filter>Header Files</Filter>
    </ClInclude>
    <ClInclude Include="SerialEgismos.h">
      <Filter>Header Files</Filter>
    </ClInclude>
    <ClInclude Include="SerialFLSC10.h">
      <Filter>Header Files</Filter>
    </ClInclude>
    <ClInclude Include="Stats.h">
      <Filter>Header Files</Filter>
    </ClInclude>
    <ClInclude Include="StatusPane.h">
      <Filter>Header Files</Filter>
    </ClInclude>
    <ClInclude Include="TimeSlotData.h">
      <Filter>Header Files</Filter>
    </ClInclude>
    <ClInclude Include="TimeSlotDataPr20.h">
      <Filter>Header Files</Filter>
    </ClInclude>
    <ClInclude Include="TimeSlotDataPr30.h">
      <Filter>Header Files</Filter>
    </ClInclude>
    <ClInclude Include="TimeSlotDataPr50.h">
      <Filter>Header Files</Filter>
    </ClInclude>
    <ClInclude Include="V120TrackerPage.h">
      <Filter>Header Files</Filter>
    </ClInclude>
    <ClInclude Include="LaserRangefinder.h">
      <Filter>Header Files</Filter>
    </ClInclude>
    <ClInclude Include="CV120Trio.h">
      <Filter>Header Files</Filter>
    </ClInclude>
    <ClInclude Include="MatecFileImport.h">
      <Filter>Header Files</Filter>
    </ClInclude>
    <ClInclude Include="AxesPane.h">
      <Filter>Header Files</Filter>
    </ClInclude>
    <ClInclude Include="AxisStatusPane.h">
      <Filter>Header Files</Filter>
    </ClInclude>
    <ClInclude Include="PositionPane.h">
      <Filter>Header Files</Filter>
    </ClInclude>
    <ClInclude Include="PropertiesPane.h">
      <Filter>Header Files</Filter>
    </ClInclude>
    <ClInclude Include="ListItemEdit.h">
      <Filter>Header Files</Filter>
    </ClInclude>
    <ClInclude Include="USLMFCHeaderCtrl.h">
      <Filter>Header Files</Filter>
    </ClInclude>
    <ClInclude Include="USLMFCListCtrl.h">
      <Filter>Header Files</Filter>
    </ClInclude>
    <ClInclude Include="USLPropertyGridProperty.h">
      <Filter>Header Files</Filter>
    </ClInclude>
    <ClInclude Include="CoordArrayPane.h">
      <Filter>Header Files</Filter>
    </ClInclude>
    <ClInclude Include="3DWorldViewPane.h">
      <Filter>Header Files</Filter>
    </ClInclude>
    <ClInclude Include="3DCamera.h">
      <Filter>Header Files</Filter>
    </ClInclude>
    <ClInclude Include="3DWorldViewLightsPage.h">
      <Filter>Header Files</Filter>
    </ClInclude>
    <ClInclude Include="Joints.h">
      <Filter>Header Files</Filter>
    </ClInclude>
    <ClInclude Include="USLDockablePane.h">
      <Filter>Header Files</Filter>
    </ClInclude>
    <ClInclude Include="PhasedArrayLineScanPage.h">
      <Filter>Header Files</Filter>
    </ClInclude>
    <ClInclude Include="SI10x64.h">
      <Filter>Header Files</Filter>
    </ClInclude>
    <ClInclude Include="OptimizePane.h">
      <Filter>Header Files</Filter>
    </ClInclude>
    <ClInclude Include="AxisPane.h">
      <Filter>Header Files</Filter>
    </ClInclude>
    <ClInclude Include="USLMFCToolBar.h">
      <Filter>Header Files</Filter>
    </ClInclude>
    <ClInclude Include="PM40.h">
      <Filter>Header Files</Filter>
    </ClInclude>
    <ClInclude Include="PM40Packets.h">
      <Filter>Header Files</Filter>
    </ClInclude>
    <ClInclude Include="PM40Utils.h">
      <Filter>Header Files</Filter>
    </ClInclude>
    <ClInclude Include="PM40Page.h">
      <Filter>Header Files</Filter>
    </ClInclude>
    <ClInclude Include="DiscsShaftsPage.h">
      <Filter>Header Files</Filter>
    </ClInclude>
  </ItemGroup>
  <ItemGroup>
    <Image Include="res\air_water_side_0.bmp">
      <Filter>Resource Files</Filter>
    </Image>
    <Image Include="res\air_water_side_1.bmp">
      <Filter>Resource Files</Filter>
    </Image>
    <Image Include="res\bitmap1.bmp">
      <Filter>Resource Files</Filter>
    </Image>
    <Image Include="res\bmp00001.bmp">
      <Filter>Resource Files</Filter>
    </Image>
    <Image Include="res\bmp00002.bmp">
      <Filter>Resource Files</Filter>
    </Image>
    <Image Include="res\bmp00003.bmp">
      <Filter>Resource Files</Filter>
    </Image>
    <Image Include="res\bmp00004.bmp">
      <Filter>Resource Files</Filter>
    </Image>
    <Image Include="res\bmp00005.bmp">
      <Filter>Resource Files</Filter>
    </Image>
    <Image Include="res\bmp00006.bmp">
      <Filter>Resource Files</Filter>
    </Image>
    <Image Include="res\bmp00007.bmp">
      <Filter>Resource Files</Filter>
    </Image>
    <Image Include="res\bmp00008.bmp">
      <Filter>Resource Files</Filter>
    </Image>
    <Image Include="res\bmp00009.bmp">
      <Filter>Resource Files</Filter>
    </Image>
    <Image Include="res\bmp00010.bmp">
      <Filter>Resource Files</Filter>
    </Image>
    <Image Include="res\bmp00011.bmp">
      <Filter>Resource Files</Filter>
    </Image>
    <Image Include="res\bmp00012.bmp">
      <Filter>Resource Files</Filter>
    </Image>
    <Image Include="res\bmp00013.bmp">
      <Filter>Resource Files</Filter>
    </Image>
    <Image Include="res\bmp00014.bmp">
      <Filter>Resource Files</Filter>
    </Image>
    <Image Include="res\bmp00015.bmp">
      <Filter>Resource Files</Filter>
    </Image>
    <Image Include="res\bmp00016.bmp">
      <Filter>Resource Files</Filter>
    </Image>
    <Image Include="res\bmp00017.bmp">
      <Filter>Resource Files</Filter>
    </Image>
    <Image Include="res\bmp00018.bmp">
      <Filter>Resource Files</Filter>
    </Image>
    <Image Include="res\bmp00019.bmp">
      <Filter>Resource Files</Filter>
    </Image>
    <Image Include="res\bmp00020.bmp">
      <Filter>Resource Files</Filter>
    </Image>
    <Image Include="res\bmp00021.bmp">
      <Filter>Resource Files</Filter>
    </Image>
    <Image Include="res\bmp00022.bmp">
      <Filter>Resource Files</Filter>
    </Image>
    <Image Include="res\bmp00023.bmp">
      <Filter>Resource Files</Filter>
    </Image>
    <Image Include="res\bmp00024.bmp">
      <Filter>Resource Files</Filter>
    </Image>
    <Image Include="res\bmp00025.bmp">
      <Filter>Resource Files</Filter>
    </Image>
    <Image Include="res\bmp00026.bmp">
      <Filter>Resource Files</Filter>
    </Image>
    <Image Include="res\bmp00027.bmp">
      <Filter>Resource Files</Filter>
    </Image>
    <Image Include="res\bmp00028.bmp">
      <Filter>Resource Files</Filter>
    </Image>
    <Image Include="res\bmp00029.bmp">
      <Filter>Resource Files</Filter>
    </Image>
    <Image Include="res\bmp00030.bmp">
      <Filter>Resource Files</Filter>
    </Image>
    <Image Include="res\bmp00031.bmp">
      <Filter>Resource Files</Filter>
    </Image>
    <Image Include="res\bmp00032.bmp">
      <Filter>Resource Files</Filter>
    </Image>
    <Image Include="res\bmp00033.bmp">
      <Filter>Resource Files</Filter>
    </Image>
    <Image Include="res\bmp00034.bmp">
      <Filter>Resource Files</Filter>
    </Image>
    <Image Include="res\bmp00035.bmp">
      <Filter>Resource Files</Filter>
    </Image>
    <Image Include="res\bmp00036.bmp">
      <Filter>Resource Files</Filter>
    </Image>
    <Image Include="res\bmp00037.bmp">
      <Filter>Resource Files</Filter>
    </Image>
    <Image Include="res\bmp00038.bmp">
      <Filter>Resource Files</Filter>
    </Image>
    <Image Include="res\bmp00039.bmp">
      <Filter>Resource Files</Filter>
    </Image>
    <Image Include="res\bmp00040.bmp">
      <Filter>Resource Files</Filter>
    </Image>
    <Image Include="res\bmp00041.bmp">
      <Filter>Resource Files</Filter>
    </Image>
    <Image Include="res\bmp00042.bmp">
      <Filter>Resource Files</Filter>
    </Image>
    <Image Include="res\bmp00043.bmp">
      <Filter>Resource Files</Filter>
    </Image>
    <Image Include="res\bmp00044.bmp">
      <Filter>Resource Files</Filter>
    </Image>
    <Image Include="res\bmp00045.bmp">
      <Filter>Resource Files</Filter>
    </Image>
    <Image Include="res\bmp00046.bmp">
      <Filter>Resource Files</Filter>
    </Image>
    <Image Include="res\bmp00047.bmp">
      <Filter>Resource Files</Filter>
    </Image>
    <Image Include="res\bmp00048.bmp">
      <Filter>Resource Files</Filter>
    </Image>
    <Image Include="res\bmp00049.bmp">
      <Filter>Resource Files</Filter>
    </Image>
    <Image Include="res\bmp00050.bmp">
      <Filter>Resource Files</Filter>
    </Image>
    <Image Include="res\bmp00051.bmp">
      <Filter>Resource Files</Filter>
    </Image>
    <Image Include="res\bmp00052.bmp">
      <Filter>Resource Files</Filter>
    </Image>
    <Image Include="res\bmp00053.bmp">
      <Filter>Resource Files</Filter>
    </Image>
    <Image Include="res\bmp00054.bmp">
      <Filter>Resource Files</Filter>
    </Image>
    <Image Include="res\bmp00055.bmp">
      <Filter>Resource Files</Filter>
    </Image>
    <Image Include="res\bmp00056.bmp">
      <Filter>Resource Files</Filter>
    </Image>
    <Image Include="res\bmp00057.bmp">
      <Filter>Resource Files</Filter>
    </Image>
    <Image Include="res\bmp00058.bmp">
      <Filter>Resource Files</Filter>
    </Image>
    <Image Include="res\bmp00059.bmp">
      <Filter>Resource Files</Filter>
    </Image>
    <Image Include="res\bmp00060.bmp">
      <Filter>Resource Files</Filter>
    </Image>
    <Image Include="res\bmp00061.bmp">
      <Filter>Resource Files</Filter>
    </Image>
    <Image Include="res\bmp00062.bmp">
      <Filter>Resource Files</Filter>
    </Image>
    <Image Include="res\bmp00063.bmp">
      <Filter>Resource Files</Filter>
    </Image>
    <Image Include="res\bmp00064.bmp">
      <Filter>Resource Files</Filter>
    </Image>
    <Image Include="res\bmp3_axi.bmp">
      <Filter>Resource Files</Filter>
    </Image>
    <Image Include="res\file_toolbar.bmp">
      <Filter>Resource Files</Filter>
    </Image>
    <Image Include="res\flat_sca.bmp">
      <Filter>Resource Files</Filter>
    </Image>
    <Image Include="res\icon_pum.ico">
      <Filter>Resource Files</Filter>
    </Image>
    <Image Include="res\operator.bmp">
      <Filter>Resource Files</Filter>
    </Image>
    <Image Include="res\origin_f.bmp">
      <Filter>Resource Files</Filter>
    </Image>
    <Image Include="res\palette_.bmp">
      <Filter>Resource Files</Filter>
    </Image>
    <Image Include="res\polycoor.bmp">
      <Filter>Resource Files</Filter>
    </Image>
    <Image Include="res\position.bmp">
      <Filter>Resource Files</Filter>
    </Image>
    <Image Include="res\profile_.bmp">
      <Filter>Resource Files</Filter>
    </Image>
    <Image Include="res\profile_3D.bmp">
      <Filter>Resource Files</Filter>
    </Image>
    <Image Include="res\Toolbar.bmp">
      <Filter>Resource Files</Filter>
    </Image>
    <Image Include="res\toolbar1.bmp">
      <Filter>Resource Files</Filter>
    </Image>
    <Image Include="res\toolbar_.bmp">
      <Filter>Resource Files</Filter>
    </Image>
    <Image Include="res\usl.ico">
      <Filter>Resource Files</Filter>
    </Image>
    <Image Include="res\USL_ICON1.ico">
      <Filter>Resource Files</Filter>
    </Image>
    <Image Include="res\USLScanner.ico">
      <Filter>Resource Files</Filter>
    </Image>
    <Image Include="res\vertical.bmp">
      <Filter>Resource Files</Filter>
    </Image>
    <Image Include="res\view_arc.bmp">
      <Filter>Resource Files</Filter>
    </Image>
    <Image Include="res\bmp00065.bmp">
      <Filter>Resource Files</Filter>
    </Image>
    <Image Include="res\air_wate.bmp">
      <Filter>Resource Files</Filter>
    </Image>
    <Image Include="res\toolbar2.bmp">
      <Filter>Resource Files</Filter>
    </Image>
    <Image Include="res\bmp00066.bmp">
      <Filter>Resource Files</Filter>
    </Image>
    <Image Include="res\bmp00067.bmp">
      <Filter>Resource Files</Filter>
    </Image>
    <Image Include="res\bmp00068.bmp">
      <Filter>Resource Files</Filter>
    </Image>
    <Image Include="res\toolbar3.bmp">
      <Filter>Resource Files</Filter>
    </Image>
    <Image Include="res\WorldViewToolbar.bmp">
      <Filter>Resource Files</Filter>
    </Image>
    <Image Include="res\EndEffectorToolbar.bmp">
      <Filter>Resource Files</Filter>
    </Image>
    <Image Include="res\icon2.ico">
      <Filter>Resource Files</Filter>
    </Image>
    <Image Include="res\WaterPathProbeLengthTipsbmp.bmp">
      <Filter>Resource Files</Filter>
    </Image>
  </ItemGroup>
  <ItemGroup>
    <Text Include="Pump I Variables.txt">
      <Filter>Resource Files</Filter>
    </Text>
    <Text Include="PumpIVariables.txt">
      <Filter>Resource Files</Filter>
    </Text>
    <Text Include="All Moveto 12 Axis NLR.txt" />
    <Text Include="All Moveto Foreplane 2.txt" />
    <Text Include="All Moveto Goodrich Machine 4.txt" />
    <Text Include="All Moveto.txt" />
    <Text Include="General M Variables Turbo.txt" />
    <Text Include="General M Variables.txt" />
    <Text Include="GKN Alabama Machine 2.txt" />
    <Text Include="Goodrich Machine 4.txt" />
    <Text Include="Joystick PLC.txt" />
    <Text Include="Joystick R Theta.txt" />
    <Text Include="LeadScrewCompensation.txt" />
    <Text Include="Origin 12 Axis NLR.txt" />
    <Text Include="Origin GKN Alabama Machine 2.txt" />
    <Text Include="Origin Goodrich 4.txt" />
    <Text Include="Origin R Theta.txt" />
    <Text Include="Origin Turbo.txt" />
    <Text Include="Origin.txt" />
    <Text Include="PLCCs 12 Axis NLR.txt" />
    <Text Include="PLCCs Goodrich Machine 4.txt" />
    <Text Include="PLCCs Single Bridge.txt" />
    <Text Include="PLCCs Without Safety Protocols.txt" />
    <Text Include="PLCCs.txt" />
    <Text Include="PolyMoves 12 Axis NLR.txt" />
    <Text Include="PolyMoves.txt" />
    <Text Include="Position Plc.txt" />
    <Text Include="Pump I Variables Without Vane.txt" />
    <Text Include="RRSingapore I Variables.txt" />
    <Text Include="Status Plc.txt" />
    <Text Include="Temp.txt" />
    <Text Include="Tunning.txt" />
    <Text Include="Turntable.txt" />
  </ItemGroup>
  <ItemGroup>
    <CustomBuild Include="res\cur00001.cur">
      <Filter>Resource Files</Filter>
    </CustomBuild>
    <CustomBuild Include="res\cur00002.cur">
      <Filter>Resource Files</Filter>
    </CustomBuild>
    <CustomBuild Include="res\cur00003.cur">
      <Filter>Resource Files</Filter>
    </CustomBuild>
    <CustomBuild Include="res\cur00004.cur">
      <Filter>Resource Files</Filter>
    </CustomBuild>
    <CustomBuild Include="res\cur00005.cur">
      <Filter>Resource Files</Filter>
    </CustomBuild>
    <CustomBuild Include="res\cur00006.cur">
      <Filter>Resource Files</Filter>
    </CustomBuild>
    <CustomBuild Include="res\cur00007.cur">
      <Filter>Resource Files</Filter>
    </CustomBuild>
    <CustomBuild Include="res\cur00008.cur">
      <Filter>Resource Files</Filter>
    </CustomBuild>
    <CustomBuild Include="res\cur00009.cur">
      <Filter>Resource Files</Filter>
    </CustomBuild>
    <CustomBuild Include="res\cur00010.cur">
      <Filter>Resource Files</Filter>
    </CustomBuild>
    <CustomBuild Include="res\cur00011.cur">
      <Filter>Resource Files</Filter>
    </CustomBuild>
    <CustomBuild Include="res\cur00012.cur">
      <Filter>Resource Files</Filter>
    </CustomBuild>
    <CustomBuild Include="res\cur00013.cur">
      <Filter>Resource Files</Filter>
    </CustomBuild>
    <CustomBuild Include="res\cur00014.cur">
      <Filter>Resource Files</Filter>
    </CustomBuild>
    <CustomBuild Include="res\cursor1.cur">
      <Filter>Resource Files</Filter>
    </CustomBuild>
    <CustomBuild Include="res\hnwse.cur">
      <Filter>Resource Files</Filter>
    </CustomBuild>
    <CustomBuild Include="res\USLScanner.rc2">
      <Filter>Resource Files</Filter>
    </CustomBuild>
  </ItemGroup>
  <ItemGroup>
    <Library Include="TrackerUnicode.lib">
      <Filter>Source Files</Filter>
    </Library>
  </ItemGroup>
</Project>