<?xml version="1.0" encoding="utf-8"?>
<Project ToolsVersion="4.0" xmlns="http://schemas.microsoft.com/developer/msbuild/2003">
  <ItemGroup>
    <ClCompile Include="AnalysisToolsDlg.cpp">
      <Filter>Source Files</Filter>
    </ClCompile>
    <ClCompile Include="CscopeWnd.cpp">
      <Filter>Source Files</Filter>
    </ClCompile>
    <ClCompile Include="AscopeToolbar.cpp">
      <Filter>Source Files</Filter>
    </ClCompile>
    <ClCompile Include="AscopeView.cpp">
      <Filter>Source Files</Filter>
    </ClCompile>
    <ClCompile Include="AscopeWnd.cpp">
      <Filter>Source Files</Filter>
    </ClCompile>
    <ClCompile Include="BscopeView.cpp">
      <Filter>Source Files</Filter>
    </ClCompile>
    <ClCompile Include="BscopeWnd.cpp">
      <Filter>Source Files</Filter>
    </ClCompile>
    <ClCompile Include="ChildFrm.cpp">
      <Filter>Source Files</Filter>
    </ClCompile>
    <ClCompile Include="CscopeView.cpp">
      <Filter>Source Files</Filter>
    </ClCompile>
    <ClCompile Include="DataFile.cpp">
      <Filter>Source Files</Filter>
    </ClCompile>
    <ClCompile Include="DynamicWnd.cpp">
      <Filter>Source Files</Filter>
    </ClCompile>
    <ClCompile Include="DscopeView.cpp">
      <Filter>Source Files</Filter>
    </ClCompile>
    <ClCompile Include="DscopeWnd.cpp">
      <Filter>Source Files</Filter>
    </ClCompile>
    <ClCompile Include="DynamicCscopeView.cpp">
      <Filter>Source Files</Filter>
    </ClCompile>
    <ClCompile Include="DynamicCscopeWnd.cpp">
      <Filter>Source Files</Filter>
    </ClCompile>
    <ClCompile Include="DynamicNCView.cpp">
      <Filter>Source Files</Filter>
    </ClCompile>
    <ClCompile Include="DynamicNCWnd.cpp">
      <Filter>Source Files</Filter>
    </ClCompile>
    <ClCompile Include="DynamicSettingDlg.cpp">
      <Filter>Source Files</Filter>
    </ClCompile>
    <ClCompile Include="DynamicView.cpp">
      <Filter>Source Files</Filter>
    </ClCompile>
    <ClCompile Include="ExternalDefinition.cpp">
      <Filter>Source Files</Filter>
    </ClCompile>
    <ClCompile Include="MyDialogBar.cpp">
      <Filter>Source Files</Filter>
    </ClCompile>
    <ClCompile Include="MainFrm.cpp">
      <Filter>Source Files</Filter>
    </ClCompile>
    <ClCompile Include="SectorApp.cpp">
      <Filter>Source Files</Filter>
    </ClCompile>
    <ClCompile Include="SectorAppDoc.cpp">
      <Filter>Source Files</Filter>
    </ClCompile>
    <ClCompile Include="SectorAppView.cpp">
      <Filter>Source Files</Filter>
    </ClCompile>
    <ClCompile Include="stdafx.cpp">
      <Filter>Source Files</Filter>
    </ClCompile>
    <ClCompile Include="Tools.cpp">
      <Filter>Source Files</Filter>
    </ClCompile>
    <ClCompile Include="HardwareCscopeView.cpp">
      <Filter>Source Files</Filter>
    </ClCompile>
    <ClCompile Include="HardwareCscopeWnd.cpp">
      <Filter>Source Files</Filter>
    </ClCompile>
    <ClCompile Include="DscopeCorrectedView.cpp">
      <Filter>Source Files</Filter>
    </ClCompile>
    <ClCompile Include="DscopeCorrectedWnd.cpp">
      <Filter>Source Files</Filter>
    </ClCompile>
  </ItemGroup>
  <ItemGroup>
    <ClInclude Include="AnalysisToolsDlg.h">
      <Filter>Header Files</Filter>
    </ClInclude>
    <ClInclude Include="AscopeToolbar.h">
      <Filter>Header Files</Filter>
    </ClInclude>
    <ClInclude Include="AscopeView.h">
      <Filter>Header Files</Filter>
    </ClInclude>
    <ClInclude Include="AscopeWnd.h">
      <Filter>Header Files</Filter>
    </ClInclude>
    <ClInclude Include="BscopeView.h">
      <Filter>Header Files</Filter>
    </ClInclude>
    <ClInclude Include="ChildFrm.h">
      <Filter>Header Files</Filter>
    </ClInclude>
    <ClInclude Include="BscopeWnd.h">
      <Filter>Header Files</Filter>
    </ClInclude>
    <ClInclude Include="CscopeView.h">
      <Filter>Header Files</Filter>
    </ClInclude>
    <ClInclude Include="CscopeWnd.h">
      <Filter>Header Files</Filter>
    </ClInclude>
    <ClInclude Include="DataFile.h">
      <Filter>Header Files</Filter>
    </ClInclude>
    <ClInclude Include="DscopeView.h">
      <Filter>Header Files</Filter>
    </ClInclude>
    <ClInclude Include="DscopeWnd.h">
      <Filter>Header Files</Filter>
    </ClInclude>
    <ClInclude Include="DynamicCscopeView.h">
      <Filter>Header Files</Filter>
    </ClInclude>
    <ClInclude Include="DynamicCscopeWnd.h">
      <Filter>Header Files</Filter>
    </ClInclude>
    <ClInclude Include="DynamicNCView.h">
      <Filter>Header Files</Filter>
    </ClInclude>
    <ClInclude Include="DynamicNCWnd.h">
      <Filter>Header Files</Filter>
    </ClInclude>
    <ClInclude Include="DynamicSettingDlg.h">
      <Filter>Header Files</Filter>
    </ClInclude>
    <ClInclude Include="DynamicView.h">
      <Filter>Header Files</Filter>
    </ClInclude>
    <ClInclude Include="DynamicWnd.h">
      <Filter>Header Files</Filter>
    </ClInclude>
    <ClInclude Include="ExternalDefinition.h">
      <Filter>Header Files</Filter>
    </ClInclude>
    <ClInclude Include="MainFrm.h">
      <Filter>Header Files</Filter>
    </ClInclude>
    <ClInclude Include="MyDialogBar.h">
      <Filter>Header Files</Filter>
    </ClInclude>
    <ClInclude Include="Resource.h">
      <Filter>Header Files</Filter>
    </ClInclude>
    <ClInclude Include="SectorApp.h">
      <Filter>Header Files</Filter>
    </ClInclude>
    <ClInclude Include="SectorAppView.h">
      <Filter>Header Files</Filter>
    </ClInclude>
    <ClInclude Include="SectorAppDoc.h">
      <Filter>Header Files</Filter>
    </ClInclude>
    <ClInclude Include="stdafx.h">
      <Filter>Header Files</Filter>
    </ClInclude>
    <ClInclude Include="targetver.h">
      <Filter>Header Files</Filter>
    </ClInclude>
    <ClInclude Include="Tools.h">
      <Filter>Header Files</Filter>
    </ClInclude>
    <ClInclude Include="HardwareCscopeView.h">
      <Filter>Header Files</Filter>
    </ClInclude>
    <ClInclude Include="HardwareCscopeWnd.h">
      <Filter>Header Files</Filter>
    </ClInclude>
    <ClInclude Include="DscopeCorrectedView.h">
      <Filter>Header Files</Filter>
    </ClInclude>
    <ClInclude Include="DscopeCorrectedWnd.h">
      <Filter>Header Files</Filter>
    </ClInclude>
  </ItemGroup>
  <ItemGroup>
    <None Include="ReadMe.txt" />
    <None Include="res\ico00001.ico">
      <Filter>Resource Files</Filter>
    </None>
    <None Include="res\idr_dyna.ico">
      <Filter>Resource Files</Filter>
    </None>
    <None Include="res\icon1.ico">
      <Filter>Resource Files</Filter>
    </None>
    <None Include="res\icon2.ico">
      <Filter>Resource Files</Filter>
    </None>
    <None Include="res\icon3.ico">
      <Filter>Resource Files</Filter>
    </None>
    <None Include="res\idr_bsco.ico">
      <Filter>Resource Files</Filter>
    </None>
    <None Include="res\idr_csco.ico">
      <Filter>Resource Files</Filter>
    </None>
    <None Include="res\Toolbar.bmp">
      <Filter>Resource Files</Filter>
    </None>
    <None Include="res\Toolbar256.bmp">
      <Filter>Resource Files</Filter>
    </None>
    <None Include="UserImages.bmp">
      <Filter>Resource Files</Filter>
    </None>
    <None Include="res\SectorWeld.rc2">
      <Filter>Resource Files</Filter>
    </None>
    <None Include="res\SectorWeldDoc.ico">
      <Filter>Resource Files</Filter>
    </None>
    <None Include="res\SectorWeld.ico">
      <Filter>Resource Files</Filter>
    </None>
    <None Include="res\idr_hwc.ico" />
  </ItemGroup>
  <ItemGroup>
    <Filter Include="Header Files">
      <UniqueIdentifier>{f347e91b-af20-4ee8-9d2a-b5241b0f30a5}</UniqueIdentifier>
    </Filter>
    <Filter Include="Source Files">
      <UniqueIdentifier>{9efbc732-d3ff-4d04-9ca7-05f31e773264}</UniqueIdentifier>
    </Filter>
    <Filter Include="Resource Files">
      <UniqueIdentifier>{5a3e5ece-c1f4-4be3-9195-ba02c2de34c8}</UniqueIdentifier>
    </Filter>
  </ItemGroup>
  <ItemGroup>
    <ResourceCompile Include="SectorApp.rc">
      <Filter>Resource Files</Filter>
    </ResourceCompile>
  </ItemGroup>
</Project>